{
  "object": {
    "pins": [
      {
        "package": "ProgrammaticUI",
        "repositoryURL": "git@github.com:joshgrant/SPM-ProgrammaticUI.git",
        "state": {
          "branch": "main",
          "revision": "59b68f47efce638701b2862a80608c6ae1337750",
          "version": null
        }
      }
    ]
  },
  "version": 1
}
