{
  "object": {
    "pins": [
      {
        "package": "ProgrammaticUI",
        "repositoryURL": "git@github.com:joshgrant/SPM-ProgrammaticUI.git",
        "state": {
          "branch": "main",
          "revision": "e0abaf6df634560ca7ff90083d67d97d36a37233",
          "version": null
        }
      }
    ]
  },
  "version": 1
}
