{
  "object": {
    "pins": [
      {
        "package": "ProgrammaticUI",
        "repositoryURL": "git@github.com:joshgrant/SPM-ProgrammaticUI.git",
        "state": {
          "branch": "main",
          "revision": "fd1a28fa61b1c5c36853dc86e163840080570003",
          "version": null
        }
      }
    ]
  },
  "version": 1
}
