// !$*UTF8*$!
{
	archiveVersion = 1;
	classes = {
	};
	objectVersion = 50;
	objects = {

/* Begin PBXBuildFile section */
		033FE697266CE2AA00BCF5AA /* AppDelegate.swift in Sources */ = {isa = PBXBuildFile; fileRef = 033FE696266CE2AA00BCF5AA /* AppDelegate.swift */; };
		033FE699266CE2AA00BCF5AA /* SceneDelegate.swift in Sources */ = {isa = PBXBuildFile; fileRef = 033FE698266CE2AA00BCF5AA /* SceneDelegate.swift */; };
		033FE6A0266CE2AB00BCF5AA /* Assets.xcassets in Resources */ = {isa = PBXBuildFile; fileRef = 033FE69F266CE2AB00BCF5AA /* Assets.xcassets */; };
		033FE6A3266CE2AB00BCF5AA /* LaunchScreen.storyboard in Resources */ = {isa = PBXBuildFile; fileRef = 033FE6A1266CE2AB00BCF5AA /* LaunchScreen.storyboard */; };
		033FE6AE266CE2AB00BCF5AA /* WalnutTests.swift in Sources */ = {isa = PBXBuildFile; fileRef = 033FE6AD266CE2AB00BCF5AA /* WalnutTests.swift */; };
		033FE6B9266CE2AB00BCF5AA /* WalnutUITests.swift in Sources */ = {isa = PBXBuildFile; fileRef = 033FE6B8266CE2AB00BCF5AA /* WalnutUITests.swift */; };
		033FE6C7266CE31200BCF5AA /* main.swift in Sources */ = {isa = PBXBuildFile; fileRef = 033FE6C6266CE31200BCF5AA /* main.swift */; };
		033FE6C9266CE38800BCF5AA /* Application.swift in Sources */ = {isa = PBXBuildFile; fileRef = 033FE6C8266CE38800BCF5AA /* Application.swift */; };
		038CF5AB26751C9C00931595 /* RootController.swift in Sources */ = {isa = PBXBuildFile; fileRef = 038CF5AA26751C9C00931595 /* RootController.swift */; };
		038CF5AE26754D5A00931595 /* DashboardController.swift in Sources */ = {isa = PBXBuildFile; fileRef = 038CF5AD26754D5A00931595 /* DashboardController.swift */; };
		038CF5E326763DD000931595 /* TabBar.swift in Sources */ = {isa = PBXBuildFile; fileRef = 038CF5B026763D5F00931595 /* TabBar.swift */; };
		038CF5E426763DD000931595 /* CollectionView.swift in Sources */ = {isa = PBXBuildFile; fileRef = 038CF5B226763D5F00931595 /* CollectionView.swift */; };
		038CF5E526763DD000931595 /* CollectionViewCell.swift in Sources */ = {isa = PBXBuildFile; fileRef = 038CF5B326763D5F00931595 /* CollectionViewCell.swift */; };
		038CF5E626763DD000931595 /* Observer.swift in Sources */ = {isa = PBXBuildFile; fileRef = 038CF5B426763D5F00931595 /* Observer.swift */; };
		038CF5E726763DD000931595 /* ViewController.swift in Sources */ = {isa = PBXBuildFile; fileRef = 038CF5B526763D5F00931595 /* ViewController.swift */; };
		038CF5E826763DD000931595 /* Model.swift in Sources */ = {isa = PBXBuildFile; fileRef = 038CF5B726763D5F00931595 /* Model.swift */; };
		038CF5E926763DD000931595 /* DatabaseDelegate.swift in Sources */ = {isa = PBXBuildFile; fileRef = 038CF5B826763D5F00931595 /* DatabaseDelegate.swift */; };
		038CF5EA26763DD000931595 /* Container.swift in Sources */ = {isa = PBXBuildFile; fileRef = 038CF5B926763D5F00931595 /* Container.swift */; };
		038CF5EB26763DD000931595 /* DatabaseError.swift in Sources */ = {isa = PBXBuildFile; fileRef = 038CF5BA26763D5F00931595 /* DatabaseError.swift */; };
		038CF5EC26763DD000931595 /* Context.swift in Sources */ = {isa = PBXBuildFile; fileRef = 038CF5BB26763D5F00931595 /* Context.swift */; };
		038CF5ED26763DD000931595 /* Database.swift in Sources */ = {isa = PBXBuildFile; fileRef = 038CF5BC26763D5F00931595 /* Database.swift */; };
		038CF5EE26763DD000931595 /* Coordinator.swift in Sources */ = {isa = PBXBuildFile; fileRef = 038CF5BD26763D5F00931595 /* Coordinator.swift */; };
		038CF5EF26763DD000931595 /* View.swift in Sources */ = {isa = PBXBuildFile; fileRef = 038CF5BE26763D5F00931595 /* View.swift */; };
		038CF5F026763DD000931595 /* ControllerModel.swift in Sources */ = {isa = PBXBuildFile; fileRef = 038CF5BF26763D5F00931595 /* ControllerModel.swift */; };
		038CF5F126763DD000931595 /* Icon.swift in Sources */ = {isa = PBXBuildFile; fileRef = 038CF5C026763D5F00931595 /* Icon.swift */; };
		038CF5F226763DD000931595 /* ObserverForSceneUpdatesEventResponder.swift in Sources */ = {isa = PBXBuildFile; fileRef = 038CF5C126763D5F00931595 /* ObserverForSceneUpdatesEventResponder.swift */; };
		038CF5F326763DD000931595 /* StateMachine.swift in Sources */ = {isa = PBXBuildFile; fileRef = 038CF5C226763D5F00931595 /* StateMachine.swift */; };
		038CF5F426763DD000931595 /* EventResponder.swift in Sources */ = {isa = PBXBuildFile; fileRef = 038CF5C326763D5F00931595 /* EventResponder.swift */; };
		038CF5F526763DD000931595 /* ViewModel.swift in Sources */ = {isa = PBXBuildFile; fileRef = 038CF5C426763D5F00931595 /* ViewModel.swift */; };
		038CF5F626763DD000931595 /* TableViewDataSource.swift in Sources */ = {isa = PBXBuildFile; fileRef = 038CF5C726763D5F00931595 /* TableViewDataSource.swift */; };
		038CF5F726763DD000931595 /* TableViewDataSourceModel.swift in Sources */ = {isa = PBXBuildFile; fileRef = 038CF5C826763D5F00931595 /* TableViewDataSourceModel.swift */; };
		038CF5F826763DD000931595 /* TableViewDelegateModel.swift in Sources */ = {isa = PBXBuildFile; fileRef = 038CF5CA26763D5F00931595 /* TableViewDelegateModel.swift */; };
		038CF5F926763DD000931595 /* TableViewDelegate.swift in Sources */ = {isa = PBXBuildFile; fileRef = 038CF5CB26763D5F00931595 /* TableViewDelegate.swift */; };
		038CF5FA26763DD000931595 /* ConfigurableTableViewCellProtocol.swift in Sources */ = {isa = PBXBuildFile; fileRef = 038CF5CD26763D5F00931595 /* ConfigurableTableViewCellProtocol.swift */; };
		038CF5FB26763DD000931595 /* TableViewCell.swift in Sources */ = {isa = PBXBuildFile; fileRef = 038CF5CE26763D5F00931595 /* TableViewCell.swift */; };
		038CF5FC26763DD000931595 /* TableViewCellModel.swift in Sources */ = {isa = PBXBuildFile; fileRef = 038CF5CF26763D5F00931595 /* TableViewCellModel.swift */; };
		038CF5FD26763DD000931595 /* TableView.swift in Sources */ = {isa = PBXBuildFile; fileRef = 038CF5D026763D5F00931595 /* TableView.swift */; };
		038CF5FE26763DD000931595 /* TableViewModel.swift in Sources */ = {isa = PBXBuildFile; fileRef = 038CF5D126763D5F00931595 /* TableViewModel.swift */; };
		038CF5FF26763DD000931595 /* UIView+Extensions.swift in Sources */ = {isa = PBXBuildFile; fileRef = 038CF5D426763D5F00931595 /* UIView+Extensions.swift */; };
		038CF60026763DD000931595 /* UIColor+Extensions.swift in Sources */ = {isa = PBXBuildFile; fileRef = 038CF5D526763D5F00931595 /* UIColor+Extensions.swift */; };
		038CF60126763DD000931595 /* UIImage+Extensions.swift in Sources */ = {isa = PBXBuildFile; fileRef = 038CF5D626763D5F00931595 /* UIImage+Extensions.swift */; };
		038CF60226763DD000931595 /* UIBarButtonItem+Extensions.swift in Sources */ = {isa = PBXBuildFile; fileRef = 038CF5D726763D5F00931595 /* UIBarButtonItem+Extensions.swift */; };
		038CF60326763DD000931595 /* Array+Extensions.swift in Sources */ = {isa = PBXBuildFile; fileRef = 038CF5D926763D5F00931595 /* Array+Extensions.swift */; };
		038CF60426763DD000931595 /* Int+Extensions.swift in Sources */ = {isa = PBXBuildFile; fileRef = 038CF5DA26763D5F00931595 /* Int+Extensions.swift */; };
		038CF60526763DD000931595 /* NSSet+Extensions.swift in Sources */ = {isa = PBXBuildFile; fileRef = 038CF5DB26763D5F00931595 /* NSSet+Extensions.swift */; };
		038CF60626763DD000931595 /* Bundle+Extensions.swift in Sources */ = {isa = PBXBuildFile; fileRef = 038CF5DC26763D5F00931595 /* Bundle+Extensions.swift */; };
		038CF60726763DD000931595 /* SearchBarDelegate.swift in Sources */ = {isa = PBXBuildFile; fileRef = 038CF5DD26763D5F00931595 /* SearchBarDelegate.swift */; };
		038CF60826763DD000931595 /* SpacerView.swift in Sources */ = {isa = PBXBuildFile; fileRef = 038CF5DE26763D5F00931595 /* SpacerView.swift */; };
		038CF60926763DD000931595 /* TabBarControllerDelegate.swift in Sources */ = {isa = PBXBuildFile; fileRef = 038CF5DF26763D5F00931595 /* TabBarControllerDelegate.swift */; };
		038CF60A26763DD000931595 /* ActionClosure.swift in Sources */ = {isa = PBXBuildFile; fileRef = 038CF5E026763D5F00931595 /* ActionClosure.swift */; };
		038CF60B26763DD000931595 /* NavigationController.swift in Sources */ = {isa = PBXBuildFile; fileRef = 038CF5E126763D5F00931595 /* NavigationController.swift */; };
		038CF60C26763DD000931595 /* TabBarController.swift in Sources */ = {isa = PBXBuildFile; fileRef = 038CF5E226763D5F00931595 /* TabBarController.swift */; };
		038CF60E26763E0A00931595 /* LibraryController.swift in Sources */ = {isa = PBXBuildFile; fileRef = 038CF60D26763E0A00931595 /* LibraryController.swift */; };
		038CF61026763E1200931595 /* InboxController.swift in Sources */ = {isa = PBXBuildFile; fileRef = 038CF60F26763E1200931595 /* InboxController.swift */; };
		038CF61226764DA500931595 /* SettingsController.swift in Sources */ = {isa = PBXBuildFile; fileRef = 038CF61126764DA500931595 /* SettingsController.swift */; };
		038CF61526764E2600931595 /* ViewControllerTabBarDelegate.swift in Sources */ = {isa = PBXBuildFile; fileRef = 038CF61426764E2600931595 /* ViewControllerTabBarDelegate.swift */; };
		038CF61726764FB900931595 /* String+Extensions.swift in Sources */ = {isa = PBXBuildFile; fileRef = 038CF61626764FB900931595 /* String+Extensions.swift */; };
		038CF6192676506A00931595 /* DashboardControllerModel.swift in Sources */ = {isa = PBXBuildFile; fileRef = 038CF6182676506A00931595 /* DashboardControllerModel.swift */; };
		038CF61C267651D600931595 /* DashboardViewModel.swift in Sources */ = {isa = PBXBuildFile; fileRef = 038CF61B267651D600931595 /* DashboardViewModel.swift */; };
		038CF61E267651E800931595 /* DashboardView.swift in Sources */ = {isa = PBXBuildFile; fileRef = 038CF61D267651E800931595 /* DashboardView.swift */; };
		038CF623267652D500931595 /* LibraryControllerModel.swift in Sources */ = {isa = PBXBuildFile; fileRef = 038CF622267652D500931595 /* LibraryControllerModel.swift */; };
		038CF625267652E000931595 /* LibraryViewModel.swift in Sources */ = {isa = PBXBuildFile; fileRef = 038CF624267652E000931595 /* LibraryViewModel.swift */; };
		038CF628267652EC00931595 /* LibraryView.swift in Sources */ = {isa = PBXBuildFile; fileRef = 038CF627267652EC00931595 /* LibraryView.swift */; };
		038CF62A267652F700931595 /* InboxControllerModel.swift in Sources */ = {isa = PBXBuildFile; fileRef = 038CF629267652F700931595 /* InboxControllerModel.swift */; };
		038CF62C267652FF00931595 /* InboxView.swift in Sources */ = {isa = PBXBuildFile; fileRef = 038CF62B267652FF00931595 /* InboxView.swift */; };
		038CF62E2676530700931595 /* InboxViewModel.swift in Sources */ = {isa = PBXBuildFile; fileRef = 038CF62D2676530700931595 /* InboxViewModel.swift */; };
		038CF6302676531100931595 /* SettingsControllerModel.swift in Sources */ = {isa = PBXBuildFile; fileRef = 038CF62F2676531100931595 /* SettingsControllerModel.swift */; };
		038CF6322676531B00931595 /* SettingsView.swift in Sources */ = {isa = PBXBuildFile; fileRef = 038CF6312676531B00931595 /* SettingsView.swift */; };
		038CF6342676532400931595 /* SettingsViewModel.swift in Sources */ = {isa = PBXBuildFile; fileRef = 038CF6332676532400931595 /* SettingsViewModel.swift */; };
		038CF6392676609D00931595 /* UISearchBarDelegate+Extensions.swift in Sources */ = {isa = PBXBuildFile; fileRef = 038CF6382676609D00931595 /* UISearchBarDelegate+Extensions.swift */; };
		038CF63B2676642200931595 /* TableHeaderView.swift in Sources */ = {isa = PBXBuildFile; fileRef = 038CF63A2676642200931595 /* TableHeaderView.swift */; };
		038CF63D267664C200931595 /* TableHeaderViewModel.swift in Sources */ = {isa = PBXBuildFile; fileRef = 038CF63C267664C200931595 /* TableHeaderViewModel.swift */; };
		038CF6402676679700931595 /* DashboardTableViewModel.swift in Sources */ = {isa = PBXBuildFile; fileRef = 038CF63F2676679700931595 /* DashboardTableViewModel.swift */; };
		038CF6442676726900931595 /* DashboardTableViewDelegateModel.swift in Sources */ = {isa = PBXBuildFile; fileRef = 038CF6432676726900931595 /* DashboardTableViewDelegateModel.swift */; };
		038CF6462676727500931595 /* DashboardTableViewDataSourceModel.swift in Sources */ = {isa = PBXBuildFile; fileRef = 038CF6452676727500931595 /* DashboardTableViewDataSourceModel.swift */; };
		038CF64A2676745B00931595 /* PinnedCell.swift in Sources */ = {isa = PBXBuildFile; fileRef = 038CF6492676745B00931595 /* PinnedCell.swift */; };
		038CF651267675D500931595 /* PinnedHeaderViewModel.swift in Sources */ = {isa = PBXBuildFile; fileRef = 038CF650267675D500931595 /* PinnedHeaderViewModel.swift */; };
		038CF6572676777600931595 /* FlowsHeaderViewModel.swift in Sources */ = {isa = PBXBuildFile; fileRef = 038CF6562676777600931595 /* FlowsHeaderViewModel.swift */; };
		038CF6592676778F00931595 /* ForecastHeaderViewModel.swift in Sources */ = {isa = PBXBuildFile; fileRef = 038CF6582676778F00931595 /* ForecastHeaderViewModel.swift */; };
		038CF65B2676779800931595 /* PriorityHeaderViewModel.swift in Sources */ = {isa = PBXBuildFile; fileRef = 038CF65A2676779800931595 /* PriorityHeaderViewModel.swift */; };
		038CF6642676828E00931595 /* Model.xcdatamodeld in Sources */ = {isa = PBXBuildFile; fileRef = 038CF65D26767D7900931595 /* Model.xcdatamodeld */; };
		038CF6862676829F00931595 /* Named.swift in Sources */ = {isa = PBXBuildFile; fileRef = 038CF6672676829E00931595 /* Named.swift */; };
		038CF6902676829F00931595 /* Unit+Extensions.swift in Sources */ = {isa = PBXBuildFile; fileRef = 038CF6722676829E00931595 /* Unit+Extensions.swift */; };
		038CF6912676829F00931595 /* ProcessFlow+Extensions.swift in Sources */ = {isa = PBXBuildFile; fileRef = 038CF6732676829E00931595 /* ProcessFlow+Extensions.swift */; };
		038CF6922676829F00931595 /* Net+Extensions.swift in Sources */ = {isa = PBXBuildFile; fileRef = 038CF6742676829E00931595 /* Net+Extensions.swift */; };
		038CF6932676829F00931595 /* DynamicSource+Extensions.swift in Sources */ = {isa = PBXBuildFile; fileRef = 038CF6752676829E00931595 /* DynamicSource+Extensions.swift */; };
		038CF6942676829F00931595 /* State+Extensions.swift in Sources */ = {isa = PBXBuildFile; fileRef = 038CF6762676829E00931595 /* State+Extensions.swift */; };
		038CF6952676829F00931595 /* Dimension+Extensions.swift in Sources */ = {isa = PBXBuildFile; fileRef = 038CF6772676829E00931595 /* Dimension+Extensions.swift */; };
		038CF6962676829F00931595 /* Contact+Extensions.swift in Sources */ = {isa = PBXBuildFile; fileRef = 038CF6782676829E00931595 /* Contact+Extensions.swift */; };
		038CF6972676829F00931595 /* TextBlock+Searchable.swift in Sources */ = {isa = PBXBuildFile; fileRef = 038CF6792676829E00931595 /* TextBlock+Searchable.swift */; };
		038CF6982676829F00931595 /* Source+Extensions.swift in Sources */ = {isa = PBXBuildFile; fileRef = 038CF67A2676829E00931595 /* Source+Extensions.swift */; };
		038CF6992676829F00931595 /* History+Extensions.swift in Sources */ = {isa = PBXBuildFile; fileRef = 038CF67B2676829E00931595 /* History+Extensions.swift */; };
		038CF69A2676829F00931595 /* RangeSource+Extensions.swift in Sources */ = {isa = PBXBuildFile; fileRef = 038CF67C2676829E00931595 /* RangeSource+Extensions.swift */; };
		038CF69B2676829F00931595 /* Entity+Extensions.swift in Sources */ = {isa = PBXBuildFile; fileRef = 038CF67D2676829E00931595 /* Entity+Extensions.swift */; };
		038CF69C2676829F00931595 /* ValueSource+Extensions.swift in Sources */ = {isa = PBXBuildFile; fileRef = 038CF67E2676829E00931595 /* ValueSource+Extensions.swift */; };
		038CF69D2676829F00931595 /* ImageBlock+Searchable.swift in Sources */ = {isa = PBXBuildFile; fileRef = 038CF67F2676829E00931595 /* ImageBlock+Searchable.swift */; };
		038CF6BE267682C700931595 /* DateStock.swift in Sources */ = {isa = PBXBuildFile; fileRef = 038CF6A4267682C700931595 /* DateStock.swift */; };
		038CF6BF267682C700931595 /* TimePeriod.swift in Sources */ = {isa = PBXBuildFile; fileRef = 038CF6A6267682C700931595 /* TimePeriod.swift */; };
		038CF6C0267682C700931595 /* TextSize.swift in Sources */ = {isa = PBXBuildFile; fileRef = 038CF6A7267682C700931595 /* TextSize.swift */; };
		038CF6C1267682C700931595 /* SourceType.swift in Sources */ = {isa = PBXBuildFile; fileRef = 038CF6A8267682C700931595 /* SourceType.swift */; };
		038CF6C2267682C700931595 /* Order.swift in Sources */ = {isa = PBXBuildFile; fileRef = 038CF6A9267682C700931595 /* Order.swift */; };
		038CF6C3267682C700931595 /* TextStyle.swift in Sources */ = {isa = PBXBuildFile; fileRef = 038CF6AA267682C700931595 /* TextStyle.swift */; };
		038CF6C4267682C700931595 /* HistoryEvent.swift in Sources */ = {isa = PBXBuildFile; fileRef = 038CF6AB267682C700931595 /* HistoryEvent.swift */; };
		038CF6C5267682C700931595 /* Comparison.swift in Sources */ = {isa = PBXBuildFile; fileRef = 038CF6AC267682C700931595 /* Comparison.swift */; };
		038CF6C6267682C700931595 /* ConditionType.swift in Sources */ = {isa = PBXBuildFile; fileRef = 038CF6AD267682C700931595 /* ConditionType.swift */; };
		038CF6C7267682C700931595 /* Priority.swift in Sources */ = {isa = PBXBuildFile; fileRef = 038CF6AE267682C700931595 /* Priority.swift */; };
		038CF6C8267682C700931595 /* CompletionType.swift in Sources */ = {isa = PBXBuildFile; fileRef = 038CF6AF267682C700931595 /* CompletionType.swift */; };
		038CF6C9267682C700931595 /* IdealType.swift in Sources */ = {isa = PBXBuildFile; fileRef = 038CF6B0267682C700931595 /* IdealType.swift */; };
		038CF6CA267682C700931595 /* AmountType.swift in Sources */ = {isa = PBXBuildFile; fileRef = 038CF6B1267682C700931595 /* AmountType.swift */; };
		038CF6CF267682C700931595 /* FallbackProtocol.swift in Sources */ = {isa = PBXBuildFile; fileRef = 038CF6B6267682C700931595 /* FallbackProtocol.swift */; };
		038CF6D0267682C700931595 /* Searchable.swift in Sources */ = {isa = PBXBuildFile; fileRef = 038CF6B7267682C700931595 /* Searchable.swift */; };
		038CF6D2267682C700931595 /* EntityType.swift in Sources */ = {isa = PBXBuildFile; fileRef = 038CF6BA267682C700931595 /* EntityType.swift */; };
		038CF6D8267683EE00931595 /* Stock+Extensions.swift in Sources */ = {isa = PBXBuildFile; fileRef = 038CF6D6267683EE00931595 /* Stock+Extensions.swift */; };
		038CF6D9267683EE00931595 /* Symbol+Extensions.swift in Sources */ = {isa = PBXBuildFile; fileRef = 038CF6D7267683EE00931595 /* Symbol+Extensions.swift */; };
		038CF6DC267683FB00931595 /* Event+Extensions.swift in Sources */ = {isa = PBXBuildFile; fileRef = 038CF6DA267683FB00931595 /* Event+Extensions.swift */; };
		038CF6DD267683FB00931595 /* TransferFlow+Extensions.swift in Sources */ = {isa = PBXBuildFile; fileRef = 038CF6DB267683FB00931595 /* TransferFlow+Extensions.swift */; };
		038CF6DF2676840300931595 /* Condition+Extensions.swift in Sources */ = {isa = PBXBuildFile; fileRef = 038CF6DE2676840300931595 /* Condition+Extensions.swift */; };
		038CF6E12676840E00931595 /* System+Extensions.swift in Sources */ = {isa = PBXBuildFile; fileRef = 038CF6E02676840E00931595 /* System+Extensions.swift */; };
/* End PBXBuildFile section */

/* Begin PBXContainerItemProxy section */
		033FE6AA266CE2AB00BCF5AA /* PBXContainerItemProxy */ = {
			isa = PBXContainerItemProxy;
			containerPortal = 033FE68B266CE2AA00BCF5AA /* Project object */;
			proxyType = 1;
			remoteGlobalIDString = 033FE692266CE2AA00BCF5AA;
			remoteInfo = Walnut;
		};
		033FE6B5266CE2AB00BCF5AA /* PBXContainerItemProxy */ = {
			isa = PBXContainerItemProxy;
			containerPortal = 033FE68B266CE2AA00BCF5AA /* Project object */;
			proxyType = 1;
			remoteGlobalIDString = 033FE692266CE2AA00BCF5AA;
			remoteInfo = Walnut;
		};
/* End PBXContainerItemProxy section */

/* Begin PBXFileReference section */
		033FE693266CE2AA00BCF5AA /* Walnut.app */ = {isa = PBXFileReference; explicitFileType = wrapper.application; includeInIndex = 0; path = Walnut.app; sourceTree = BUILT_PRODUCTS_DIR; };
		033FE696266CE2AA00BCF5AA /* AppDelegate.swift */ = {isa = PBXFileReference; lastKnownFileType = sourcecode.swift; path = AppDelegate.swift; sourceTree = "<group>"; };
		033FE698266CE2AA00BCF5AA /* SceneDelegate.swift */ = {isa = PBXFileReference; lastKnownFileType = sourcecode.swift; path = SceneDelegate.swift; sourceTree = "<group>"; };
		033FE69F266CE2AB00BCF5AA /* Assets.xcassets */ = {isa = PBXFileReference; lastKnownFileType = folder.assetcatalog; path = Assets.xcassets; sourceTree = "<group>"; };
		033FE6A2266CE2AB00BCF5AA /* Base */ = {isa = PBXFileReference; lastKnownFileType = file.storyboard; name = Base; path = Base.lproj/LaunchScreen.storyboard; sourceTree = "<group>"; };
		033FE6A4266CE2AB00BCF5AA /* Info.plist */ = {isa = PBXFileReference; lastKnownFileType = text.plist.xml; path = Info.plist; sourceTree = "<group>"; };
		033FE6A9266CE2AB00BCF5AA /* WalnutTests.xctest */ = {isa = PBXFileReference; explicitFileType = wrapper.cfbundle; includeInIndex = 0; path = WalnutTests.xctest; sourceTree = BUILT_PRODUCTS_DIR; };
		033FE6AD266CE2AB00BCF5AA /* WalnutTests.swift */ = {isa = PBXFileReference; lastKnownFileType = sourcecode.swift; path = WalnutTests.swift; sourceTree = "<group>"; };
		033FE6AF266CE2AB00BCF5AA /* Info.plist */ = {isa = PBXFileReference; lastKnownFileType = text.plist.xml; path = Info.plist; sourceTree = "<group>"; };
		033FE6B4266CE2AB00BCF5AA /* WalnutUITests.xctest */ = {isa = PBXFileReference; explicitFileType = wrapper.cfbundle; includeInIndex = 0; path = WalnutUITests.xctest; sourceTree = BUILT_PRODUCTS_DIR; };
		033FE6B8266CE2AB00BCF5AA /* WalnutUITests.swift */ = {isa = PBXFileReference; lastKnownFileType = sourcecode.swift; path = WalnutUITests.swift; sourceTree = "<group>"; };
		033FE6BA266CE2AB00BCF5AA /* Info.plist */ = {isa = PBXFileReference; lastKnownFileType = text.plist.xml; path = Info.plist; sourceTree = "<group>"; };
		033FE6C6266CE31200BCF5AA /* main.swift */ = {isa = PBXFileReference; lastKnownFileType = sourcecode.swift; path = main.swift; sourceTree = "<group>"; };
		033FE6C8266CE38800BCF5AA /* Application.swift */ = {isa = PBXFileReference; lastKnownFileType = sourcecode.swift; path = Application.swift; sourceTree = "<group>"; };
		038CF5AA26751C9C00931595 /* RootController.swift */ = {isa = PBXFileReference; lastKnownFileType = sourcecode.swift; path = RootController.swift; sourceTree = "<group>"; };
		038CF5AD26754D5A00931595 /* DashboardController.swift */ = {isa = PBXFileReference; lastKnownFileType = sourcecode.swift; path = DashboardController.swift; sourceTree = "<group>"; };
		038CF5B026763D5F00931595 /* TabBar.swift */ = {isa = PBXFileReference; lastKnownFileType = sourcecode.swift; path = TabBar.swift; sourceTree = "<group>"; };
		038CF5B226763D5F00931595 /* CollectionView.swift */ = {isa = PBXFileReference; lastKnownFileType = sourcecode.swift; path = CollectionView.swift; sourceTree = "<group>"; };
		038CF5B326763D5F00931595 /* CollectionViewCell.swift */ = {isa = PBXFileReference; lastKnownFileType = sourcecode.swift; path = CollectionViewCell.swift; sourceTree = "<group>"; };
		038CF5B426763D5F00931595 /* Observer.swift */ = {isa = PBXFileReference; lastKnownFileType = sourcecode.swift; path = Observer.swift; sourceTree = "<group>"; };
		038CF5B526763D5F00931595 /* ViewController.swift */ = {isa = PBXFileReference; lastKnownFileType = sourcecode.swift; path = ViewController.swift; sourceTree = "<group>"; };
		038CF5B726763D5F00931595 /* Model.swift */ = {isa = PBXFileReference; lastKnownFileType = sourcecode.swift; path = Model.swift; sourceTree = "<group>"; };
		038CF5B826763D5F00931595 /* DatabaseDelegate.swift */ = {isa = PBXFileReference; lastKnownFileType = sourcecode.swift; path = DatabaseDelegate.swift; sourceTree = "<group>"; };
		038CF5B926763D5F00931595 /* Container.swift */ = {isa = PBXFileReference; lastKnownFileType = sourcecode.swift; path = Container.swift; sourceTree = "<group>"; };
		038CF5BA26763D5F00931595 /* DatabaseError.swift */ = {isa = PBXFileReference; lastKnownFileType = sourcecode.swift; path = DatabaseError.swift; sourceTree = "<group>"; };
		038CF5BB26763D5F00931595 /* Context.swift */ = {isa = PBXFileReference; lastKnownFileType = sourcecode.swift; path = Context.swift; sourceTree = "<group>"; };
		038CF5BC26763D5F00931595 /* Database.swift */ = {isa = PBXFileReference; lastKnownFileType = sourcecode.swift; path = Database.swift; sourceTree = "<group>"; };
		038CF5BD26763D5F00931595 /* Coordinator.swift */ = {isa = PBXFileReference; lastKnownFileType = sourcecode.swift; path = Coordinator.swift; sourceTree = "<group>"; };
		038CF5BE26763D5F00931595 /* View.swift */ = {isa = PBXFileReference; lastKnownFileType = sourcecode.swift; path = View.swift; sourceTree = "<group>"; };
		038CF5BF26763D5F00931595 /* ControllerModel.swift */ = {isa = PBXFileReference; lastKnownFileType = sourcecode.swift; path = ControllerModel.swift; sourceTree = "<group>"; };
		038CF5C026763D5F00931595 /* Icon.swift */ = {isa = PBXFileReference; lastKnownFileType = sourcecode.swift; path = Icon.swift; sourceTree = "<group>"; };
		038CF5C126763D5F00931595 /* ObserverForSceneUpdatesEventResponder.swift */ = {isa = PBXFileReference; lastKnownFileType = sourcecode.swift; path = ObserverForSceneUpdatesEventResponder.swift; sourceTree = "<group>"; };
		038CF5C226763D5F00931595 /* StateMachine.swift */ = {isa = PBXFileReference; lastKnownFileType = sourcecode.swift; path = StateMachine.swift; sourceTree = "<group>"; };
		038CF5C326763D5F00931595 /* EventResponder.swift */ = {isa = PBXFileReference; lastKnownFileType = sourcecode.swift; path = EventResponder.swift; sourceTree = "<group>"; };
		038CF5C426763D5F00931595 /* ViewModel.swift */ = {isa = PBXFileReference; lastKnownFileType = sourcecode.swift; path = ViewModel.swift; sourceTree = "<group>"; };
		038CF5C726763D5F00931595 /* TableViewDataSource.swift */ = {isa = PBXFileReference; lastKnownFileType = sourcecode.swift; path = TableViewDataSource.swift; sourceTree = "<group>"; };
		038CF5C826763D5F00931595 /* TableViewDataSourceModel.swift */ = {isa = PBXFileReference; lastKnownFileType = sourcecode.swift; path = TableViewDataSourceModel.swift; sourceTree = "<group>"; };
		038CF5CA26763D5F00931595 /* TableViewDelegateModel.swift */ = {isa = PBXFileReference; lastKnownFileType = sourcecode.swift; path = TableViewDelegateModel.swift; sourceTree = "<group>"; };
		038CF5CB26763D5F00931595 /* TableViewDelegate.swift */ = {isa = PBXFileReference; lastKnownFileType = sourcecode.swift; path = TableViewDelegate.swift; sourceTree = "<group>"; };
		038CF5CD26763D5F00931595 /* ConfigurableTableViewCellProtocol.swift */ = {isa = PBXFileReference; lastKnownFileType = sourcecode.swift; path = ConfigurableTableViewCellProtocol.swift; sourceTree = "<group>"; };
		038CF5CE26763D5F00931595 /* TableViewCell.swift */ = {isa = PBXFileReference; lastKnownFileType = sourcecode.swift; path = TableViewCell.swift; sourceTree = "<group>"; };
		038CF5CF26763D5F00931595 /* TableViewCellModel.swift */ = {isa = PBXFileReference; lastKnownFileType = sourcecode.swift; path = TableViewCellModel.swift; sourceTree = "<group>"; };
		038CF5D026763D5F00931595 /* TableView.swift */ = {isa = PBXFileReference; lastKnownFileType = sourcecode.swift; path = TableView.swift; sourceTree = "<group>"; };
		038CF5D126763D5F00931595 /* TableViewModel.swift */ = {isa = PBXFileReference; lastKnownFileType = sourcecode.swift; path = TableViewModel.swift; sourceTree = "<group>"; };
		038CF5D426763D5F00931595 /* UIView+Extensions.swift */ = {isa = PBXFileReference; lastKnownFileType = sourcecode.swift; path = "UIView+Extensions.swift"; sourceTree = "<group>"; };
		038CF5D526763D5F00931595 /* UIColor+Extensions.swift */ = {isa = PBXFileReference; lastKnownFileType = sourcecode.swift; path = "UIColor+Extensions.swift"; sourceTree = "<group>"; };
		038CF5D626763D5F00931595 /* UIImage+Extensions.swift */ = {isa = PBXFileReference; lastKnownFileType = sourcecode.swift; path = "UIImage+Extensions.swift"; sourceTree = "<group>"; };
		038CF5D726763D5F00931595 /* UIBarButtonItem+Extensions.swift */ = {isa = PBXFileReference; lastKnownFileType = sourcecode.swift; path = "UIBarButtonItem+Extensions.swift"; sourceTree = "<group>"; };
		038CF5D926763D5F00931595 /* Array+Extensions.swift */ = {isa = PBXFileReference; lastKnownFileType = sourcecode.swift; path = "Array+Extensions.swift"; sourceTree = "<group>"; };
		038CF5DA26763D5F00931595 /* Int+Extensions.swift */ = {isa = PBXFileReference; lastKnownFileType = sourcecode.swift; path = "Int+Extensions.swift"; sourceTree = "<group>"; };
		038CF5DB26763D5F00931595 /* NSSet+Extensions.swift */ = {isa = PBXFileReference; lastKnownFileType = sourcecode.swift; path = "NSSet+Extensions.swift"; sourceTree = "<group>"; };
		038CF5DC26763D5F00931595 /* Bundle+Extensions.swift */ = {isa = PBXFileReference; lastKnownFileType = sourcecode.swift; path = "Bundle+Extensions.swift"; sourceTree = "<group>"; };
		038CF5DD26763D5F00931595 /* SearchBarDelegate.swift */ = {isa = PBXFileReference; lastKnownFileType = sourcecode.swift; path = SearchBarDelegate.swift; sourceTree = "<group>"; };
		038CF5DE26763D5F00931595 /* SpacerView.swift */ = {isa = PBXFileReference; lastKnownFileType = sourcecode.swift; path = SpacerView.swift; sourceTree = "<group>"; };
		038CF5DF26763D5F00931595 /* TabBarControllerDelegate.swift */ = {isa = PBXFileReference; lastKnownFileType = sourcecode.swift; path = TabBarControllerDelegate.swift; sourceTree = "<group>"; };
		038CF5E026763D5F00931595 /* ActionClosure.swift */ = {isa = PBXFileReference; lastKnownFileType = sourcecode.swift; path = ActionClosure.swift; sourceTree = "<group>"; };
		038CF5E126763D5F00931595 /* NavigationController.swift */ = {isa = PBXFileReference; lastKnownFileType = sourcecode.swift; path = NavigationController.swift; sourceTree = "<group>"; };
		038CF5E226763D5F00931595 /* TabBarController.swift */ = {isa = PBXFileReference; lastKnownFileType = sourcecode.swift; path = TabBarController.swift; sourceTree = "<group>"; };
		038CF60D26763E0A00931595 /* LibraryController.swift */ = {isa = PBXFileReference; lastKnownFileType = sourcecode.swift; path = LibraryController.swift; sourceTree = "<group>"; };
		038CF60F26763E1200931595 /* InboxController.swift */ = {isa = PBXFileReference; lastKnownFileType = sourcecode.swift; path = InboxController.swift; sourceTree = "<group>"; };
		038CF61126764DA500931595 /* SettingsController.swift */ = {isa = PBXFileReference; lastKnownFileType = sourcecode.swift; path = SettingsController.swift; sourceTree = "<group>"; };
		038CF61426764E2600931595 /* ViewControllerTabBarDelegate.swift */ = {isa = PBXFileReference; lastKnownFileType = sourcecode.swift; path = ViewControllerTabBarDelegate.swift; sourceTree = "<group>"; };
		038CF61626764FB900931595 /* String+Extensions.swift */ = {isa = PBXFileReference; lastKnownFileType = sourcecode.swift; path = "String+Extensions.swift"; sourceTree = "<group>"; };
		038CF6182676506A00931595 /* DashboardControllerModel.swift */ = {isa = PBXFileReference; lastKnownFileType = sourcecode.swift; path = DashboardControllerModel.swift; sourceTree = "<group>"; };
		038CF61B267651D600931595 /* DashboardViewModel.swift */ = {isa = PBXFileReference; lastKnownFileType = sourcecode.swift; path = DashboardViewModel.swift; sourceTree = "<group>"; };
		038CF61D267651E800931595 /* DashboardView.swift */ = {isa = PBXFileReference; lastKnownFileType = sourcecode.swift; path = DashboardView.swift; sourceTree = "<group>"; };
		038CF622267652D500931595 /* LibraryControllerModel.swift */ = {isa = PBXFileReference; lastKnownFileType = sourcecode.swift; path = LibraryControllerModel.swift; sourceTree = "<group>"; };
		038CF624267652E000931595 /* LibraryViewModel.swift */ = {isa = PBXFileReference; lastKnownFileType = sourcecode.swift; path = LibraryViewModel.swift; sourceTree = "<group>"; };
		038CF627267652EC00931595 /* LibraryView.swift */ = {isa = PBXFileReference; lastKnownFileType = sourcecode.swift; path = LibraryView.swift; sourceTree = "<group>"; };
		038CF629267652F700931595 /* InboxControllerModel.swift */ = {isa = PBXFileReference; lastKnownFileType = sourcecode.swift; path = InboxControllerModel.swift; sourceTree = "<group>"; };
		038CF62B267652FF00931595 /* InboxView.swift */ = {isa = PBXFileReference; lastKnownFileType = sourcecode.swift; path = InboxView.swift; sourceTree = "<group>"; };
		038CF62D2676530700931595 /* InboxViewModel.swift */ = {isa = PBXFileReference; lastKnownFileType = sourcecode.swift; path = InboxViewModel.swift; sourceTree = "<group>"; };
		038CF62F2676531100931595 /* SettingsControllerModel.swift */ = {isa = PBXFileReference; lastKnownFileType = sourcecode.swift; path = SettingsControllerModel.swift; sourceTree = "<group>"; };
		038CF6312676531B00931595 /* SettingsView.swift */ = {isa = PBXFileReference; lastKnownFileType = sourcecode.swift; path = SettingsView.swift; sourceTree = "<group>"; };
		038CF6332676532400931595 /* SettingsViewModel.swift */ = {isa = PBXFileReference; lastKnownFileType = sourcecode.swift; path = SettingsViewModel.swift; sourceTree = "<group>"; };
		038CF6382676609D00931595 /* UISearchBarDelegate+Extensions.swift */ = {isa = PBXFileReference; lastKnownFileType = sourcecode.swift; path = "UISearchBarDelegate+Extensions.swift"; sourceTree = "<group>"; };
		038CF63A2676642200931595 /* TableHeaderView.swift */ = {isa = PBXFileReference; lastKnownFileType = sourcecode.swift; path = TableHeaderView.swift; sourceTree = "<group>"; };
		038CF63C267664C200931595 /* TableHeaderViewModel.swift */ = {isa = PBXFileReference; lastKnownFileType = sourcecode.swift; path = TableHeaderViewModel.swift; sourceTree = "<group>"; };
		038CF63F2676679700931595 /* DashboardTableViewModel.swift */ = {isa = PBXFileReference; lastKnownFileType = sourcecode.swift; path = DashboardTableViewModel.swift; sourceTree = "<group>"; };
		038CF6432676726900931595 /* DashboardTableViewDelegateModel.swift */ = {isa = PBXFileReference; lastKnownFileType = sourcecode.swift; path = DashboardTableViewDelegateModel.swift; sourceTree = "<group>"; };
		038CF6452676727500931595 /* DashboardTableViewDataSourceModel.swift */ = {isa = PBXFileReference; lastKnownFileType = sourcecode.swift; path = DashboardTableViewDataSourceModel.swift; sourceTree = "<group>"; };
		038CF6492676745B00931595 /* PinnedCell.swift */ = {isa = PBXFileReference; lastKnownFileType = sourcecode.swift; path = PinnedCell.swift; sourceTree = "<group>"; };
		038CF650267675D500931595 /* PinnedHeaderViewModel.swift */ = {isa = PBXFileReference; lastKnownFileType = sourcecode.swift; path = PinnedHeaderViewModel.swift; sourceTree = "<group>"; };
		038CF6562676777600931595 /* FlowsHeaderViewModel.swift */ = {isa = PBXFileReference; lastKnownFileType = sourcecode.swift; path = FlowsHeaderViewModel.swift; sourceTree = "<group>"; };
		038CF6582676778F00931595 /* ForecastHeaderViewModel.swift */ = {isa = PBXFileReference; lastKnownFileType = sourcecode.swift; path = ForecastHeaderViewModel.swift; sourceTree = "<group>"; };
		038CF65A2676779800931595 /* PriorityHeaderViewModel.swift */ = {isa = PBXFileReference; lastKnownFileType = sourcecode.swift; path = PriorityHeaderViewModel.swift; sourceTree = "<group>"; };
		038CF65E26767D7900931595 /* Model.xcdatamodel */ = {isa = PBXFileReference; lastKnownFileType = wrapper.xcdatamodel; path = Model.xcdatamodel; sourceTree = "<group>"; };
		038CF6672676829E00931595 /* Named.swift */ = {isa = PBXFileReference; fileEncoding = 4; lastKnownFileType = sourcecode.swift; path = Named.swift; sourceTree = "<group>"; };
		038CF6722676829E00931595 /* Unit+Extensions.swift */ = {isa = PBXFileReference; fileEncoding = 4; lastKnownFileType = sourcecode.swift; path = "Unit+Extensions.swift"; sourceTree = "<group>"; };
		038CF6732676829E00931595 /* ProcessFlow+Extensions.swift */ = {isa = PBXFileReference; fileEncoding = 4; lastKnownFileType = sourcecode.swift; path = "ProcessFlow+Extensions.swift"; sourceTree = "<group>"; };
		038CF6742676829E00931595 /* Net+Extensions.swift */ = {isa = PBXFileReference; fileEncoding = 4; lastKnownFileType = sourcecode.swift; path = "Net+Extensions.swift"; sourceTree = "<group>"; };
		038CF6752676829E00931595 /* DynamicSource+Extensions.swift */ = {isa = PBXFileReference; fileEncoding = 4; lastKnownFileType = sourcecode.swift; path = "DynamicSource+Extensions.swift"; sourceTree = "<group>"; };
		038CF6762676829E00931595 /* State+Extensions.swift */ = {isa = PBXFileReference; fileEncoding = 4; lastKnownFileType = sourcecode.swift; path = "State+Extensions.swift"; sourceTree = "<group>"; };
		038CF6772676829E00931595 /* Dimension+Extensions.swift */ = {isa = PBXFileReference; fileEncoding = 4; lastKnownFileType = sourcecode.swift; path = "Dimension+Extensions.swift"; sourceTree = "<group>"; };
		038CF6782676829E00931595 /* Contact+Extensions.swift */ = {isa = PBXFileReference; fileEncoding = 4; lastKnownFileType = sourcecode.swift; path = "Contact+Extensions.swift"; sourceTree = "<group>"; };
		038CF6792676829E00931595 /* TextBlock+Searchable.swift */ = {isa = PBXFileReference; fileEncoding = 4; lastKnownFileType = sourcecode.swift; path = "TextBlock+Searchable.swift"; sourceTree = "<group>"; };
		038CF67A2676829E00931595 /* Source+Extensions.swift */ = {isa = PBXFileReference; fileEncoding = 4; lastKnownFileType = sourcecode.swift; path = "Source+Extensions.swift"; sourceTree = "<group>"; };
		038CF67B2676829E00931595 /* History+Extensions.swift */ = {isa = PBXFileReference; fileEncoding = 4; lastKnownFileType = sourcecode.swift; path = "History+Extensions.swift"; sourceTree = "<group>"; };
		038CF67C2676829E00931595 /* RangeSource+Extensions.swift */ = {isa = PBXFileReference; fileEncoding = 4; lastKnownFileType = sourcecode.swift; path = "RangeSource+Extensions.swift"; sourceTree = "<group>"; };
		038CF67D2676829E00931595 /* Entity+Extensions.swift */ = {isa = PBXFileReference; fileEncoding = 4; lastKnownFileType = sourcecode.swift; path = "Entity+Extensions.swift"; sourceTree = "<group>"; };
		038CF67E2676829E00931595 /* ValueSource+Extensions.swift */ = {isa = PBXFileReference; fileEncoding = 4; lastKnownFileType = sourcecode.swift; path = "ValueSource+Extensions.swift"; sourceTree = "<group>"; };
		038CF67F2676829E00931595 /* ImageBlock+Searchable.swift */ = {isa = PBXFileReference; fileEncoding = 4; lastKnownFileType = sourcecode.swift; path = "ImageBlock+Searchable.swift"; sourceTree = "<group>"; };
		038CF6A4267682C700931595 /* DateStock.swift */ = {isa = PBXFileReference; fileEncoding = 4; lastKnownFileType = sourcecode.swift; path = DateStock.swift; sourceTree = "<group>"; };
		038CF6A6267682C700931595 /* TimePeriod.swift */ = {isa = PBXFileReference; fileEncoding = 4; lastKnownFileType = sourcecode.swift; path = TimePeriod.swift; sourceTree = "<group>"; };
		038CF6A7267682C700931595 /* TextSize.swift */ = {isa = PBXFileReference; fileEncoding = 4; lastKnownFileType = sourcecode.swift; path = TextSize.swift; sourceTree = "<group>"; };
		038CF6A8267682C700931595 /* SourceType.swift */ = {isa = PBXFileReference; fileEncoding = 4; lastKnownFileType = sourcecode.swift; path = SourceType.swift; sourceTree = "<group>"; };
		038CF6A9267682C700931595 /* Order.swift */ = {isa = PBXFileReference; fileEncoding = 4; lastKnownFileType = sourcecode.swift; path = Order.swift; sourceTree = "<group>"; };
		038CF6AA267682C700931595 /* TextStyle.swift */ = {isa = PBXFileReference; fileEncoding = 4; lastKnownFileType = sourcecode.swift; path = TextStyle.swift; sourceTree = "<group>"; };
		038CF6AB267682C700931595 /* HistoryEvent.swift */ = {isa = PBXFileReference; fileEncoding = 4; lastKnownFileType = sourcecode.swift; path = HistoryEvent.swift; sourceTree = "<group>"; };
		038CF6AC267682C700931595 /* Comparison.swift */ = {isa = PBXFileReference; fileEncoding = 4; lastKnownFileType = sourcecode.swift; path = Comparison.swift; sourceTree = "<group>"; };
		038CF6AD267682C700931595 /* ConditionType.swift */ = {isa = PBXFileReference; fileEncoding = 4; lastKnownFileType = sourcecode.swift; path = ConditionType.swift; sourceTree = "<group>"; };
		038CF6AE267682C700931595 /* Priority.swift */ = {isa = PBXFileReference; fileEncoding = 4; lastKnownFileType = sourcecode.swift; path = Priority.swift; sourceTree = "<group>"; };
		038CF6AF267682C700931595 /* CompletionType.swift */ = {isa = PBXFileReference; fileEncoding = 4; lastKnownFileType = sourcecode.swift; path = CompletionType.swift; sourceTree = "<group>"; };
		038CF6B0267682C700931595 /* IdealType.swift */ = {isa = PBXFileReference; fileEncoding = 4; lastKnownFileType = sourcecode.swift; path = IdealType.swift; sourceTree = "<group>"; };
		038CF6B1267682C700931595 /* AmountType.swift */ = {isa = PBXFileReference; fileEncoding = 4; lastKnownFileType = sourcecode.swift; path = AmountType.swift; sourceTree = "<group>"; };
		038CF6B6267682C700931595 /* FallbackProtocol.swift */ = {isa = PBXFileReference; fileEncoding = 4; lastKnownFileType = sourcecode.swift; path = FallbackProtocol.swift; sourceTree = "<group>"; };
		038CF6B7267682C700931595 /* Searchable.swift */ = {isa = PBXFileReference; fileEncoding = 4; lastKnownFileType = sourcecode.swift; path = Searchable.swift; sourceTree = "<group>"; };
		038CF6BA267682C700931595 /* EntityType.swift */ = {isa = PBXFileReference; fileEncoding = 4; lastKnownFileType = sourcecode.swift; path = EntityType.swift; sourceTree = "<group>"; };
		038CF6D6267683EE00931595 /* Stock+Extensions.swift */ = {isa = PBXFileReference; fileEncoding = 4; lastKnownFileType = sourcecode.swift; path = "Stock+Extensions.swift"; sourceTree = "<group>"; };
		038CF6D7267683EE00931595 /* Symbol+Extensions.swift */ = {isa = PBXFileReference; fileEncoding = 4; lastKnownFileType = sourcecode.swift; path = "Symbol+Extensions.swift"; sourceTree = "<group>"; };
		038CF6DA267683FB00931595 /* Event+Extensions.swift */ = {isa = PBXFileReference; fileEncoding = 4; lastKnownFileType = sourcecode.swift; path = "Event+Extensions.swift"; sourceTree = "<group>"; };
		038CF6DB267683FB00931595 /* TransferFlow+Extensions.swift */ = {isa = PBXFileReference; fileEncoding = 4; lastKnownFileType = sourcecode.swift; path = "TransferFlow+Extensions.swift"; sourceTree = "<group>"; };
		038CF6DE2676840300931595 /* Condition+Extensions.swift */ = {isa = PBXFileReference; fileEncoding = 4; lastKnownFileType = sourcecode.swift; path = "Condition+Extensions.swift"; sourceTree = "<group>"; };
		038CF6E02676840E00931595 /* System+Extensions.swift */ = {isa = PBXFileReference; fileEncoding = 4; lastKnownFileType = sourcecode.swift; path = "System+Extensions.swift"; sourceTree = "<group>"; };
/* End PBXFileReference section */

/* Begin PBXFrameworksBuildPhase section */
		033FE690266CE2AA00BCF5AA /* Frameworks */ = {
			isa = PBXFrameworksBuildPhase;
			buildActionMask = 2147483647;
			files = (
			);
			runOnlyForDeploymentPostprocessing = 0;
		};
		033FE6A6266CE2AB00BCF5AA /* Frameworks */ = {
			isa = PBXFrameworksBuildPhase;
			buildActionMask = 2147483647;
			files = (
			);
			runOnlyForDeploymentPostprocessing = 0;
		};
		033FE6B1266CE2AB00BCF5AA /* Frameworks */ = {
			isa = PBXFrameworksBuildPhase;
			buildActionMask = 2147483647;
			files = (
			);
			runOnlyForDeploymentPostprocessing = 0;
		};
/* End PBXFrameworksBuildPhase section */

/* Begin PBXGroup section */
		033FE68A266CE2AA00BCF5AA = {
			isa = PBXGroup;
			children = (
				033FE695266CE2AA00BCF5AA /* Walnut */,
				033FE6AC266CE2AB00BCF5AA /* WalnutTests */,
				033FE6B7266CE2AB00BCF5AA /* WalnutUITests */,
				033FE694266CE2AA00BCF5AA /* Products */,
			);
			sourceTree = "<group>";
		};
		033FE694266CE2AA00BCF5AA /* Products */ = {
			isa = PBXGroup;
			children = (
				033FE693266CE2AA00BCF5AA /* Walnut.app */,
				033FE6A9266CE2AB00BCF5AA /* WalnutTests.xctest */,
				033FE6B4266CE2AB00BCF5AA /* WalnutUITests.xctest */,
			);
			name = Products;
			sourceTree = "<group>";
		};
		033FE695266CE2AA00BCF5AA /* Walnut */ = {
			isa = PBXGroup;
			children = (
				038CF5AF26763D5F00931595 /* Prog UI - Use SwiftPM */,
				033FE6A4266CE2AB00BCF5AA /* Info.plist */,
				033FE696266CE2AA00BCF5AA /* AppDelegate.swift */,
				033FE6C8266CE38800BCF5AA /* Application.swift */,
				033FE6C6266CE31200BCF5AA /* main.swift */,
				033FE698266CE2AA00BCF5AA /* SceneDelegate.swift */,
				033FE69F266CE2AB00BCF5AA /* Assets.xcassets */,
				038CF6A3267682C700931595 /* Data Structures */,
				038CF65C26767D6D00931595 /* Database */,
				033FE6A1266CE2AB00BCF5AA /* LaunchScreen.storyboard */,
				038CF6482676744B00931595 /* Shared */,
				038CF5AC26754D2000931595 /* V VM C CM */,
			);
			path = Walnut;
			sourceTree = "<group>";
		};
		033FE6AC266CE2AB00BCF5AA /* WalnutTests */ = {
			isa = PBXGroup;
			children = (
				033FE6AD266CE2AB00BCF5AA /* WalnutTests.swift */,
				033FE6AF266CE2AB00BCF5AA /* Info.plist */,
			);
			path = WalnutTests;
			sourceTree = "<group>";
		};
		033FE6B7266CE2AB00BCF5AA /* WalnutUITests */ = {
			isa = PBXGroup;
			children = (
				033FE6B8266CE2AB00BCF5AA /* WalnutUITests.swift */,
				033FE6BA266CE2AB00BCF5AA /* Info.plist */,
			);
			path = WalnutUITests;
			sourceTree = "<group>";
		};
		038CF5AC26754D2000931595 /* V VM C CM */ = {
			isa = PBXGroup;
			children = (
				038CF5AA26751C9C00931595 /* RootController.swift */,
				038CF61A267650FD00931595 /* Dashboard */,
				038CF61F267652BA00931595 /* LibraryController */,
				038CF620267652C000931595 /* InboxController */,
				038CF621267652C500931595 /* SettingsController */,
			);
			path = "V VM C CM";
			sourceTree = "<group>";
		};
		038CF5AF26763D5F00931595 /* Prog UI - Use SwiftPM */ = {
			isa = PBXGroup;
			children = (
				038CF5E026763D5F00931595 /* ActionClosure.swift */,
				038CF5C326763D5F00931595 /* EventResponder.swift */,
				038CF5C026763D5F00931595 /* Icon.swift */,
				038CF5E126763D5F00931595 /* NavigationController.swift */,
				038CF5B426763D5F00931595 /* Observer.swift */,
				038CF5C126763D5F00931595 /* ObserverForSceneUpdatesEventResponder.swift */,
				038CF5DD26763D5F00931595 /* SearchBarDelegate.swift */,
				038CF5DE26763D5F00931595 /* SpacerView.swift */,
				038CF5C226763D5F00931595 /* StateMachine.swift */,
				038CF5B126763D5F00931595 /* Collection View */,
				038CF5B626763D5F00931595 /* Database */,
				038CF5D226763D5F00931595 /* Extensions */,
				038CF61326764DE300931595 /* Tab Bar */,
				038CF5C526763D5F00931595 /* Table View */,
				038CF6352676569A00931595 /* V VM C CM */,
			);
			path = "Prog UI - Use SwiftPM";
			sourceTree = "<group>";
		};
		038CF5B126763D5F00931595 /* Collection View */ = {
			isa = PBXGroup;
			children = (
				038CF5B226763D5F00931595 /* CollectionView.swift */,
				038CF5B326763D5F00931595 /* CollectionViewCell.swift */,
			);
			path = "Collection View";
			sourceTree = "<group>";
		};
		038CF5B626763D5F00931595 /* Database */ = {
			isa = PBXGroup;
			children = (
				038CF5B726763D5F00931595 /* Model.swift */,
				038CF5B826763D5F00931595 /* DatabaseDelegate.swift */,
				038CF5B926763D5F00931595 /* Container.swift */,
				038CF5BA26763D5F00931595 /* DatabaseError.swift */,
				038CF5BB26763D5F00931595 /* Context.swift */,
				038CF5BC26763D5F00931595 /* Database.swift */,
				038CF5BD26763D5F00931595 /* Coordinator.swift */,
			);
			path = Database;
			sourceTree = "<group>";
		};
		038CF5C526763D5F00931595 /* Table View */ = {
			isa = PBXGroup;
			children = (
				038CF5C626763D5F00931595 /* Data Source */,
				038CF5C926763D5F00931595 /* Delegate */,
				038CF5CC26763D5F00931595 /* Cell */,
				038CF5D026763D5F00931595 /* TableView.swift */,
				038CF5D126763D5F00931595 /* TableViewModel.swift */,
				038CF63E267664CF00931595 /* Header View */,
			);
			path = "Table View";
			sourceTree = "<group>";
		};
		038CF5C626763D5F00931595 /* Data Source */ = {
			isa = PBXGroup;
			children = (
				038CF5C726763D5F00931595 /* TableViewDataSource.swift */,
				038CF5C826763D5F00931595 /* TableViewDataSourceModel.swift */,
			);
			path = "Data Source";
			sourceTree = "<group>";
		};
		038CF5C926763D5F00931595 /* Delegate */ = {
			isa = PBXGroup;
			children = (
				038CF5CA26763D5F00931595 /* TableViewDelegateModel.swift */,
				038CF5CB26763D5F00931595 /* TableViewDelegate.swift */,
			);
			path = Delegate;
			sourceTree = "<group>";
		};
		038CF5CC26763D5F00931595 /* Cell */ = {
			isa = PBXGroup;
			children = (
				038CF5CD26763D5F00931595 /* ConfigurableTableViewCellProtocol.swift */,
				038CF5CE26763D5F00931595 /* TableViewCell.swift */,
				038CF5CF26763D5F00931595 /* TableViewCellModel.swift */,
			);
			path = Cell;
			sourceTree = "<group>";
		};
		038CF5D226763D5F00931595 /* Extensions */ = {
			isa = PBXGroup;
			children = (
				038CF5D326763D5F00931595 /* UIKIt */,
				038CF5D826763D5F00931595 /* Foundation */,
			);
			path = Extensions;
			sourceTree = "<group>";
		};
		038CF5D326763D5F00931595 /* UIKIt */ = {
			isa = PBXGroup;
			children = (
				038CF5D426763D5F00931595 /* UIView+Extensions.swift */,
				038CF5D526763D5F00931595 /* UIColor+Extensions.swift */,
				038CF5D626763D5F00931595 /* UIImage+Extensions.swift */,
				038CF5D726763D5F00931595 /* UIBarButtonItem+Extensions.swift */,
				038CF6382676609D00931595 /* UISearchBarDelegate+Extensions.swift */,
			);
			path = UIKIt;
			sourceTree = "<group>";
		};
		038CF5D826763D5F00931595 /* Foundation */ = {
			isa = PBXGroup;
			children = (
				038CF5D926763D5F00931595 /* Array+Extensions.swift */,
				038CF5DA26763D5F00931595 /* Int+Extensions.swift */,
				038CF5DB26763D5F00931595 /* NSSet+Extensions.swift */,
				038CF5DC26763D5F00931595 /* Bundle+Extensions.swift */,
				038CF61626764FB900931595 /* String+Extensions.swift */,
			);
			path = Foundation;
			sourceTree = "<group>";
		};
		038CF61326764DE300931595 /* Tab Bar */ = {
			isa = PBXGroup;
			children = (
				038CF5B026763D5F00931595 /* TabBar.swift */,
				038CF5E226763D5F00931595 /* TabBarController.swift */,
				038CF5DF26763D5F00931595 /* TabBarControllerDelegate.swift */,
				038CF61426764E2600931595 /* ViewControllerTabBarDelegate.swift */,
			);
			path = "Tab Bar";
			sourceTree = "<group>";
		};
		038CF61A267650FD00931595 /* Dashboard */ = {
			isa = PBXGroup;
			children = (
				038CF5AD26754D5A00931595 /* DashboardController.swift */,
				038CF6182676506A00931595 /* DashboardControllerModel.swift */,
				038CF61B267651D600931595 /* DashboardViewModel.swift */,
				038CF61D267651E800931595 /* DashboardView.swift */,
				038CF647267673DC00931595 /* Table View */,
			);
			path = Dashboard;
			sourceTree = "<group>";
		};
		038CF61F267652BA00931595 /* LibraryController */ = {
			isa = PBXGroup;
			children = (
				038CF60D26763E0A00931595 /* LibraryController.swift */,
				038CF622267652D500931595 /* LibraryControllerModel.swift */,
				038CF627267652EC00931595 /* LibraryView.swift */,
				038CF624267652E000931595 /* LibraryViewModel.swift */,
			);
			path = LibraryController;
			sourceTree = "<group>";
		};
		038CF620267652C000931595 /* InboxController */ = {
			isa = PBXGroup;
			children = (
				038CF60F26763E1200931595 /* InboxController.swift */,
				038CF629267652F700931595 /* InboxControllerModel.swift */,
				038CF62B267652FF00931595 /* InboxView.swift */,
				038CF62D2676530700931595 /* InboxViewModel.swift */,
			);
			path = InboxController;
			sourceTree = "<group>";
		};
		038CF621267652C500931595 /* SettingsController */ = {
			isa = PBXGroup;
			children = (
				038CF61126764DA500931595 /* SettingsController.swift */,
				038CF62F2676531100931595 /* SettingsControllerModel.swift */,
				038CF6312676531B00931595 /* SettingsView.swift */,
				038CF6332676532400931595 /* SettingsViewModel.swift */,
			);
			path = SettingsController;
			sourceTree = "<group>";
		};
		038CF6352676569A00931595 /* V VM C CM */ = {
			isa = PBXGroup;
			children = (
				038CF5BF26763D5F00931595 /* ControllerModel.swift */,
				038CF5BE26763D5F00931595 /* View.swift */,
				038CF5B526763D5F00931595 /* ViewController.swift */,
				038CF5C426763D5F00931595 /* ViewModel.swift */,
			);
			path = "V VM C CM";
			sourceTree = "<group>";
		};
		038CF63E267664CF00931595 /* Header View */ = {
			isa = PBXGroup;
			children = (
				038CF63A2676642200931595 /* TableHeaderView.swift */,
				038CF63C267664C200931595 /* TableHeaderViewModel.swift */,
			);
			path = "Header View";
			sourceTree = "<group>";
		};
		038CF647267673DC00931595 /* Table View */ = {
			isa = PBXGroup;
			children = (
				038CF6522676773800931595 /* Section Header */,
				038CF63F2676679700931595 /* DashboardTableViewModel.swift */,
				038CF6432676726900931595 /* DashboardTableViewDelegateModel.swift */,
				038CF6452676727500931595 /* DashboardTableViewDataSourceModel.swift */,
			);
			path = "Table View";
			sourceTree = "<group>";
		};
		038CF6482676744B00931595 /* Shared */ = {
			isa = PBXGroup;
			children = (
				038CF64B2676756500931595 /* Table View Cell */,
			);
			path = Shared;
			sourceTree = "<group>";
		};
		038CF64B2676756500931595 /* Table View Cell */ = {
			isa = PBXGroup;
			children = (
				038CF6492676745B00931595 /* PinnedCell.swift */,
			);
			path = "Table View Cell";
			sourceTree = "<group>";
		};
		038CF64F267675C400931595 /* Pinned */ = {
			isa = PBXGroup;
			children = (
				038CF650267675D500931595 /* PinnedHeaderViewModel.swift */,
			);
			path = Pinned;
			sourceTree = "<group>";
		};
		038CF6522676773800931595 /* Section Header */ = {
			isa = PBXGroup;
			children = (
				038CF6532676774400931595 /* Flows */,
				038CF6542676774E00931595 /* Forecast */,
				038CF64F267675C400931595 /* Pinned */,
				038CF6552676775700931595 /* Priority */,
			);
			path = "Section Header";
			sourceTree = "<group>";
		};
		038CF6532676774400931595 /* Flows */ = {
			isa = PBXGroup;
			children = (
				038CF6562676777600931595 /* FlowsHeaderViewModel.swift */,
			);
			path = Flows;
			sourceTree = "<group>";
		};
		038CF6542676774E00931595 /* Forecast */ = {
			isa = PBXGroup;
			children = (
				038CF6582676778F00931595 /* ForecastHeaderViewModel.swift */,
			);
			path = Forecast;
			sourceTree = "<group>";
		};
		038CF6552676775700931595 /* Priority */ = {
			isa = PBXGroup;
			children = (
				038CF65A2676779800931595 /* PriorityHeaderViewModel.swift */,
			);
			path = Priority;
			sourceTree = "<group>";
		};
		038CF65C26767D6D00931595 /* Database */ = {
			isa = PBXGroup;
			children = (
				038CF6712676829E00931595 /* Entity Extensions */,
				038CF6662676829E00931595 /* Entity Protocols */,
				038CF65D26767D7900931595 /* Model.xcdatamodeld */,
			);
			path = Database;
			sourceTree = "<group>";
		};
		038CF6662676829E00931595 /* Entity Protocols */ = {
			isa = PBXGroup;
			children = (
				038CF6672676829E00931595 /* Named.swift */,
			);
			path = "Entity Protocols";
			sourceTree = "<group>";
		};
		038CF6712676829E00931595 /* Entity Extensions */ = {
			isa = PBXGroup;
			children = (
				038CF6DE2676840300931595 /* Condition+Extensions.swift */,
				038CF6782676829E00931595 /* Contact+Extensions.swift */,
				038CF6772676829E00931595 /* Dimension+Extensions.swift */,
				038CF6752676829E00931595 /* DynamicSource+Extensions.swift */,
				038CF67D2676829E00931595 /* Entity+Extensions.swift */,
				038CF6DA267683FB00931595 /* Event+Extensions.swift */,
				038CF67B2676829E00931595 /* History+Extensions.swift */,
				038CF67F2676829E00931595 /* ImageBlock+Searchable.swift */,
				038CF6742676829E00931595 /* Net+Extensions.swift */,
				038CF6732676829E00931595 /* ProcessFlow+Extensions.swift */,
				038CF67C2676829E00931595 /* RangeSource+Extensions.swift */,
				038CF67A2676829E00931595 /* Source+Extensions.swift */,
				038CF6762676829E00931595 /* State+Extensions.swift */,
				038CF6D6267683EE00931595 /* Stock+Extensions.swift */,
				038CF6D7267683EE00931595 /* Symbol+Extensions.swift */,
				038CF6E02676840E00931595 /* System+Extensions.swift */,
				038CF6792676829E00931595 /* TextBlock+Searchable.swift */,
				038CF6DB267683FB00931595 /* TransferFlow+Extensions.swift */,
				038CF6722676829E00931595 /* Unit+Extensions.swift */,
				038CF67E2676829E00931595 /* ValueSource+Extensions.swift */,
			);
			path = "Entity Extensions";
			sourceTree = "<group>";
		};
		038CF6A3267682C700931595 /* Data Structures */ = {
			isa = PBXGroup;
			children = (
				038CF6A4267682C700931595 /* DateStock.swift */,
				038CF6BA267682C700931595 /* EntityType.swift */,
				038CF6B6267682C700931595 /* FallbackProtocol.swift */,
				038CF6B7267682C700931595 /* Searchable.swift */,
				038CF6A5267682C700931595 /* Types */,
			);
			path = "Data Structures";
			sourceTree = "<group>";
		};
		038CF6A5267682C700931595 /* Types */ = {
			isa = PBXGroup;
			children = (
				038CF6B1267682C700931595 /* AmountType.swift */,
				038CF6AC267682C700931595 /* Comparison.swift */,
				038CF6AF267682C700931595 /* CompletionType.swift */,
				038CF6AD267682C700931595 /* ConditionType.swift */,
				038CF6AB267682C700931595 /* HistoryEvent.swift */,
				038CF6B0267682C700931595 /* IdealType.swift */,
				038CF6A9267682C700931595 /* Order.swift */,
				038CF6AE267682C700931595 /* Priority.swift */,
				038CF6A8267682C700931595 /* SourceType.swift */,
				038CF6A7267682C700931595 /* TextSize.swift */,
				038CF6AA267682C700931595 /* TextStyle.swift */,
				038CF6A6267682C700931595 /* TimePeriod.swift */,
			);
			path = Types;
			sourceTree = "<group>";
		};
/* End PBXGroup section */

/* Begin PBXNativeTarget section */
		033FE692266CE2AA00BCF5AA /* Walnut */ = {
			isa = PBXNativeTarget;
			buildConfigurationList = 033FE6BD266CE2AB00BCF5AA /* Build configuration list for PBXNativeTarget "Walnut" */;
			buildPhases = (
				033FE68F266CE2AA00BCF5AA /* Sources */,
				033FE690266CE2AA00BCF5AA /* Frameworks */,
				033FE691266CE2AA00BCF5AA /* Resources */,
			);
			buildRules = (
			);
			dependencies = (
			);
			name = Walnut;
			packageProductDependencies = (
			);
			productName = Walnut;
			productReference = 033FE693266CE2AA00BCF5AA /* Walnut.app */;
			productType = "com.apple.product-type.application";
		};
		033FE6A8266CE2AB00BCF5AA /* WalnutTests */ = {
			isa = PBXNativeTarget;
			buildConfigurationList = 033FE6C0266CE2AB00BCF5AA /* Build configuration list for PBXNativeTarget "WalnutTests" */;
			buildPhases = (
				033FE6A5266CE2AB00BCF5AA /* Sources */,
				033FE6A6266CE2AB00BCF5AA /* Frameworks */,
				033FE6A7266CE2AB00BCF5AA /* Resources */,
			);
			buildRules = (
			);
			dependencies = (
				033FE6AB266CE2AB00BCF5AA /* PBXTargetDependency */,
			);
			name = WalnutTests;
			productName = WalnutTests;
			productReference = 033FE6A9266CE2AB00BCF5AA /* WalnutTests.xctest */;
			productType = "com.apple.product-type.bundle.unit-test";
		};
		033FE6B3266CE2AB00BCF5AA /* WalnutUITests */ = {
			isa = PBXNativeTarget;
			buildConfigurationList = 033FE6C3266CE2AB00BCF5AA /* Build configuration list for PBXNativeTarget "WalnutUITests" */;
			buildPhases = (
				033FE6B0266CE2AB00BCF5AA /* Sources */,
				033FE6B1266CE2AB00BCF5AA /* Frameworks */,
				033FE6B2266CE2AB00BCF5AA /* Resources */,
			);
			buildRules = (
			);
			dependencies = (
				033FE6B6266CE2AB00BCF5AA /* PBXTargetDependency */,
			);
			name = WalnutUITests;
			productName = WalnutUITests;
			productReference = 033FE6B4266CE2AB00BCF5AA /* WalnutUITests.xctest */;
			productType = "com.apple.product-type.bundle.ui-testing";
		};
/* End PBXNativeTarget section */

/* Begin PBXProject section */
		033FE68B266CE2AA00BCF5AA /* Project object */ = {
			isa = PBXProject;
			attributes = {
				LastSwiftUpdateCheck = 1250;
				LastUpgradeCheck = 1250;
				TargetAttributes = {
					033FE692266CE2AA00BCF5AA = {
						CreatedOnToolsVersion = 12.5;
					};
					033FE6A8266CE2AB00BCF5AA = {
						CreatedOnToolsVersion = 12.5;
						TestTargetID = 033FE692266CE2AA00BCF5AA;
					};
					033FE6B3266CE2AB00BCF5AA = {
						CreatedOnToolsVersion = 12.5;
						TestTargetID = 033FE692266CE2AA00BCF5AA;
					};
				};
			};
			buildConfigurationList = 033FE68E266CE2AA00BCF5AA /* Build configuration list for PBXProject "Walnut" */;
			compatibilityVersion = "Xcode 9.3";
			developmentRegion = en;
			hasScannedForEncodings = 0;
			knownRegions = (
				en,
				Base,
			);
			mainGroup = 033FE68A266CE2AA00BCF5AA;
			packageReferences = (
			);
			productRefGroup = 033FE694266CE2AA00BCF5AA /* Products */;
			projectDirPath = "";
			projectRoot = "";
			targets = (
				033FE692266CE2AA00BCF5AA /* Walnut */,
				033FE6A8266CE2AB00BCF5AA /* WalnutTests */,
				033FE6B3266CE2AB00BCF5AA /* WalnutUITests */,
			);
		};
/* End PBXProject section */

/* Begin PBXResourcesBuildPhase section */
		033FE691266CE2AA00BCF5AA /* Resources */ = {
			isa = PBXResourcesBuildPhase;
			buildActionMask = 2147483647;
			files = (
				033FE6A3266CE2AB00BCF5AA /* LaunchScreen.storyboard in Resources */,
				033FE6A0266CE2AB00BCF5AA /* Assets.xcassets in Resources */,
			);
			runOnlyForDeploymentPostprocessing = 0;
		};
		033FE6A7266CE2AB00BCF5AA /* Resources */ = {
			isa = PBXResourcesBuildPhase;
			buildActionMask = 2147483647;
			files = (
			);
			runOnlyForDeploymentPostprocessing = 0;
		};
		033FE6B2266CE2AB00BCF5AA /* Resources */ = {
			isa = PBXResourcesBuildPhase;
			buildActionMask = 2147483647;
			files = (
			);
			runOnlyForDeploymentPostprocessing = 0;
		};
/* End PBXResourcesBuildPhase section */

/* Begin PBXSourcesBuildPhase section */
		033FE68F266CE2AA00BCF5AA /* Sources */ = {
			isa = PBXSourcesBuildPhase;
			buildActionMask = 2147483647;
			files = (
				038CF6642676828E00931595 /* Model.xcdatamodeld in Sources */,
				038CF6932676829F00931595 /* DynamicSource+Extensions.swift in Sources */,
				038CF6C4267682C700931595 /* HistoryEvent.swift in Sources */,
				038CF5E326763DD000931595 /* TabBar.swift in Sources */,
				038CF5E426763DD000931595 /* CollectionView.swift in Sources */,
				038CF5E526763DD000931595 /* CollectionViewCell.swift in Sources */,
				038CF6C5267682C700931595 /* Comparison.swift in Sources */,
				038CF6C2267682C700931595 /* Order.swift in Sources */,
				038CF6DF2676840300931595 /* Condition+Extensions.swift in Sources */,
				038CF61226764DA500931595 /* SettingsController.swift in Sources */,
				038CF651267675D500931595 /* PinnedHeaderViewModel.swift in Sources */,
				038CF6912676829F00931595 /* ProcessFlow+Extensions.swift in Sources */,
				038CF5E626763DD000931595 /* Observer.swift in Sources */,
				038CF6DC267683FB00931595 /* Event+Extensions.swift in Sources */,
				038CF5E726763DD000931595 /* ViewController.swift in Sources */,
				038CF65B2676779800931595 /* PriorityHeaderViewModel.swift in Sources */,
				038CF6942676829F00931595 /* State+Extensions.swift in Sources */,
				038CF5E826763DD000931595 /* Model.swift in Sources */,
				038CF69A2676829F00931595 /* RangeSource+Extensions.swift in Sources */,
				038CF6322676531B00931595 /* SettingsView.swift in Sources */,
				038CF6D8267683EE00931595 /* Stock+Extensions.swift in Sources */,
				038CF61E267651E800931595 /* DashboardView.swift in Sources */,
				038CF6592676778F00931595 /* ForecastHeaderViewModel.swift in Sources */,
				038CF64A2676745B00931595 /* PinnedCell.swift in Sources */,
				038CF5E926763DD000931595 /* DatabaseDelegate.swift in Sources */,
				038CF5EA26763DD000931595 /* Container.swift in Sources */,
				038CF5EB26763DD000931595 /* DatabaseError.swift in Sources */,
				038CF6982676829F00931595 /* Source+Extensions.swift in Sources */,
				038CF5EC26763DD000931595 /* Context.swift in Sources */,
				038CF6D9267683EE00931595 /* Symbol+Extensions.swift in Sources */,
				038CF6C3267682C700931595 /* TextStyle.swift in Sources */,
				038CF61526764E2600931595 /* ViewControllerTabBarDelegate.swift in Sources */,
				038CF5ED26763DD000931595 /* Database.swift in Sources */,
				038CF6C7267682C700931595 /* Priority.swift in Sources */,
				038CF62A267652F700931595 /* InboxControllerModel.swift in Sources */,
				038CF62C267652FF00931595 /* InboxView.swift in Sources */,
				038CF60E26763E0A00931595 /* LibraryController.swift in Sources */,
				038CF69B2676829F00931595 /* Entity+Extensions.swift in Sources */,
				038CF6E12676840E00931595 /* System+Extensions.swift in Sources */,
				038CF69C2676829F00931595 /* ValueSource+Extensions.swift in Sources */,
				038CF5EE26763DD000931595 /* Coordinator.swift in Sources */,
				038CF6BF267682C700931595 /* TimePeriod.swift in Sources */,
				038CF5EF26763DD000931595 /* View.swift in Sources */,
				038CF6C6267682C700931595 /* ConditionType.swift in Sources */,
				038CF5F026763DD000931595 /* ControllerModel.swift in Sources */,
				038CF5F126763DD000931595 /* Icon.swift in Sources */,
				038CF6952676829F00931595 /* Dimension+Extensions.swift in Sources */,
				038CF6C0267682C700931595 /* TextSize.swift in Sources */,
				038CF6C9267682C700931595 /* IdealType.swift in Sources */,
				038CF5F226763DD000931595 /* ObserverForSceneUpdatesEventResponder.swift in Sources */,
				038CF5F326763DD000931595 /* StateMachine.swift in Sources */,
				038CF5F426763DD000931595 /* EventResponder.swift in Sources */,
				038CF5F526763DD000931595 /* ViewModel.swift in Sources */,
				038CF623267652D500931595 /* LibraryControllerModel.swift in Sources */,
				038CF5F626763DD000931595 /* TableViewDataSource.swift in Sources */,
				038CF5F726763DD000931595 /* TableViewDataSourceModel.swift in Sources */,
				038CF5F826763DD000931595 /* TableViewDelegateModel.swift in Sources */,
				038CF5F926763DD000931595 /* TableViewDelegate.swift in Sources */,
				038CF5FA26763DD000931595 /* ConfigurableTableViewCellProtocol.swift in Sources */,
				038CF6CF267682C700931595 /* FallbackProtocol.swift in Sources */,
				038CF69D2676829F00931595 /* ImageBlock+Searchable.swift in Sources */,
				038CF61C267651D600931595 /* DashboardViewModel.swift in Sources */,
				038CF61726764FB900931595 /* String+Extensions.swift in Sources */,
				038CF5FB26763DD000931595 /* TableViewCell.swift in Sources */,
				038CF5FC26763DD000931595 /* TableViewCellModel.swift in Sources */,
				038CF628267652EC00931595 /* LibraryView.swift in Sources */,
				038CF6342676532400931595 /* SettingsViewModel.swift in Sources */,
				038CF5FD26763DD000931595 /* TableView.swift in Sources */,
				038CF6572676777600931595 /* FlowsHeaderViewModel.swift in Sources */,
				038CF6402676679700931595 /* DashboardTableViewModel.swift in Sources */,
				038CF6D2267682C700931595 /* EntityType.swift in Sources */,
				038CF5FE26763DD000931595 /* TableViewModel.swift in Sources */,
				038CF5FF26763DD000931595 /* UIView+Extensions.swift in Sources */,
				038CF60026763DD000931595 /* UIColor+Extensions.swift in Sources */,
				038CF60126763DD000931595 /* UIImage+Extensions.swift in Sources */,
				038CF625267652E000931595 /* LibraryViewModel.swift in Sources */,
				038CF6C1267682C700931595 /* SourceType.swift in Sources */,
				038CF61026763E1200931595 /* InboxController.swift in Sources */,
				038CF6192676506A00931595 /* DashboardControllerModel.swift in Sources */,
				038CF6C8267682C700931595 /* CompletionType.swift in Sources */,
				038CF63B2676642200931595 /* TableHeaderView.swift in Sources */,
				038CF60226763DD000931595 /* UIBarButtonItem+Extensions.swift in Sources */,
				038CF6DD267683FB00931595 /* TransferFlow+Extensions.swift in Sources */,
				038CF6962676829F00931595 /* Contact+Extensions.swift in Sources */,
				038CF60326763DD000931595 /* Array+Extensions.swift in Sources */,
				038CF60426763DD000931595 /* Int+Extensions.swift in Sources */,
				038CF60526763DD000931595 /* NSSet+Extensions.swift in Sources */,
				038CF6CA267682C700931595 /* AmountType.swift in Sources */,
				038CF6BE267682C700931595 /* DateStock.swift in Sources */,
				038CF60626763DD000931595 /* Bundle+Extensions.swift in Sources */,
				038CF6302676531100931595 /* SettingsControllerModel.swift in Sources */,
				038CF60726763DD000931595 /* SearchBarDelegate.swift in Sources */,
				038CF60826763DD000931595 /* SpacerView.swift in Sources */,
				038CF60926763DD000931595 /* TabBarControllerDelegate.swift in Sources */,
				038CF6462676727500931595 /* DashboardTableViewDataSourceModel.swift in Sources */,
				038CF60A26763DD000931595 /* ActionClosure.swift in Sources */,
				038CF6392676609D00931595 /* UISearchBarDelegate+Extensions.swift in Sources */,
				038CF60B26763DD000931595 /* NavigationController.swift in Sources */,
				038CF6992676829F00931595 /* History+Extensions.swift in Sources */,
				038CF6922676829F00931595 /* Net+Extensions.swift in Sources */,
				038CF60C26763DD000931595 /* TabBarController.swift in Sources */,
				038CF5AB26751C9C00931595 /* RootController.swift in Sources */,
				038CF5AE26754D5A00931595 /* DashboardController.swift in Sources */,
				038CF6442676726900931595 /* DashboardTableViewDelegateModel.swift in Sources */,
				038CF6902676829F00931595 /* Unit+Extensions.swift in Sources */,
				033FE6C9266CE38800BCF5AA /* Application.swift in Sources */,
				033FE697266CE2AA00BCF5AA /* AppDelegate.swift in Sources */,
				038CF6972676829F00931595 /* TextBlock+Searchable.swift in Sources */,
				038CF6862676829F00931595 /* Named.swift in Sources */,
				033FE6C7266CE31200BCF5AA /* main.swift in Sources */,
				033FE699266CE2AA00BCF5AA /* SceneDelegate.swift in Sources */,
				038CF63D267664C200931595 /* TableHeaderViewModel.swift in Sources */,
				038CF6D0267682C700931595 /* Searchable.swift in Sources */,
				038CF62E2676530700931595 /* InboxViewModel.swift in Sources */,
			);
			runOnlyForDeploymentPostprocessing = 0;
		};
		033FE6A5266CE2AB00BCF5AA /* Sources */ = {
			isa = PBXSourcesBuildPhase;
			buildActionMask = 2147483647;
			files = (
				033FE6AE266CE2AB00BCF5AA /* WalnutTests.swift in Sources */,
			);
			runOnlyForDeploymentPostprocessing = 0;
		};
		033FE6B0266CE2AB00BCF5AA /* Sources */ = {
			isa = PBXSourcesBuildPhase;
			buildActionMask = 2147483647;
			files = (
				033FE6B9266CE2AB00BCF5AA /* WalnutUITests.swift in Sources */,
			);
			runOnlyForDeploymentPostprocessing = 0;
		};
/* End PBXSourcesBuildPhase section */

/* Begin PBXTargetDependency section */
		033FE6AB266CE2AB00BCF5AA /* PBXTargetDependency */ = {
			isa = PBXTargetDependency;
			target = 033FE692266CE2AA00BCF5AA /* Walnut */;
			targetProxy = 033FE6AA266CE2AB00BCF5AA /* PBXContainerItemProxy */;
		};
		033FE6B6266CE2AB00BCF5AA /* PBXTargetDependency */ = {
			isa = PBXTargetDependency;
			target = 033FE692266CE2AA00BCF5AA /* Walnut */;
			targetProxy = 033FE6B5266CE2AB00BCF5AA /* PBXContainerItemProxy */;
		};
/* End PBXTargetDependency section */

/* Begin PBXVariantGroup section */
		033FE6A1266CE2AB00BCF5AA /* LaunchScreen.storyboard */ = {
			isa = PBXVariantGroup;
			children = (
				033FE6A2266CE2AB00BCF5AA /* Base */,
			);
			name = LaunchScreen.storyboard;
			sourceTree = "<group>";
		};
/* End PBXVariantGroup section */

/* Begin XCBuildConfiguration section */
		033FE6BB266CE2AB00BCF5AA /* Debug */ = {
			isa = XCBuildConfiguration;
			buildSettings = {
				ALWAYS_SEARCH_USER_PATHS = NO;
				CLANG_ANALYZER_NONNULL = YES;
				CLANG_ANALYZER_NUMBER_OBJECT_CONVERSION = YES_AGGRESSIVE;
				CLANG_CXX_LANGUAGE_STANDARD = "gnu++14";
				CLANG_CXX_LIBRARY = "libc++";
				CLANG_ENABLE_MODULES = YES;
				CLANG_ENABLE_OBJC_ARC = YES;
				CLANG_ENABLE_OBJC_WEAK = YES;
				CLANG_WARN_BLOCK_CAPTURE_AUTORELEASING = YES;
				CLANG_WARN_BOOL_CONVERSION = YES;
				CLANG_WARN_COMMA = YES;
				CLANG_WARN_CONSTANT_CONVERSION = YES;
				CLANG_WARN_DEPRECATED_OBJC_IMPLEMENTATIONS = YES;
				CLANG_WARN_DIRECT_OBJC_ISA_USAGE = YES_ERROR;
				CLANG_WARN_DOCUMENTATION_COMMENTS = YES;
				CLANG_WARN_EMPTY_BODY = YES;
				CLANG_WARN_ENUM_CONVERSION = YES;
				CLANG_WARN_INFINITE_RECURSION = YES;
				CLANG_WARN_INT_CONVERSION = YES;
				CLANG_WARN_NON_LITERAL_NULL_CONVERSION = YES;
				CLANG_WARN_OBJC_IMPLICIT_RETAIN_SELF = YES;
				CLANG_WARN_OBJC_LITERAL_CONVERSION = YES;
				CLANG_WARN_OBJC_ROOT_CLASS = YES_ERROR;
				CLANG_WARN_QUOTED_INCLUDE_IN_FRAMEWORK_HEADER = YES;
				CLANG_WARN_RANGE_LOOP_ANALYSIS = YES;
				CLANG_WARN_STRICT_PROTOTYPES = YES;
				CLANG_WARN_SUSPICIOUS_MOVE = YES;
				CLANG_WARN_UNGUARDED_AVAILABILITY = YES_AGGRESSIVE;
				CLANG_WARN_UNREACHABLE_CODE = YES;
				CLANG_WARN__DUPLICATE_METHOD_MATCH = YES;
				COPY_PHASE_STRIP = NO;
				DEBUG_INFORMATION_FORMAT = dwarf;
				ENABLE_STRICT_OBJC_MSGSEND = YES;
				ENABLE_TESTABILITY = YES;
				GCC_C_LANGUAGE_STANDARD = gnu11;
				GCC_DYNAMIC_NO_PIC = NO;
				GCC_NO_COMMON_BLOCKS = YES;
				GCC_OPTIMIZATION_LEVEL = 0;
				GCC_PREPROCESSOR_DEFINITIONS = (
					"DEBUG=1",
					"$(inherited)",
				);
				GCC_WARN_64_TO_32_BIT_CONVERSION = YES;
				GCC_WARN_ABOUT_RETURN_TYPE = YES_ERROR;
				GCC_WARN_UNDECLARED_SELECTOR = YES;
				GCC_WARN_UNINITIALIZED_AUTOS = YES_AGGRESSIVE;
				GCC_WARN_UNUSED_FUNCTION = YES;
				GCC_WARN_UNUSED_VARIABLE = YES;
				IPHONEOS_DEPLOYMENT_TARGET = 14.5;
				MTL_ENABLE_DEBUG_INFO = INCLUDE_SOURCE;
				MTL_FAST_MATH = YES;
				ONLY_ACTIVE_ARCH = YES;
				SDKROOT = iphoneos;
				SWIFT_ACTIVE_COMPILATION_CONDITIONS = DEBUG;
				SWIFT_OPTIMIZATION_LEVEL = "-Onone";
			};
			name = Debug;
		};
		033FE6BC266CE2AB00BCF5AA /* Release */ = {
			isa = XCBuildConfiguration;
			buildSettings = {
				ALWAYS_SEARCH_USER_PATHS = NO;
				CLANG_ANALYZER_NONNULL = YES;
				CLANG_ANALYZER_NUMBER_OBJECT_CONVERSION = YES_AGGRESSIVE;
				CLANG_CXX_LANGUAGE_STANDARD = "gnu++14";
				CLANG_CXX_LIBRARY = "libc++";
				CLANG_ENABLE_MODULES = YES;
				CLANG_ENABLE_OBJC_ARC = YES;
				CLANG_ENABLE_OBJC_WEAK = YES;
				CLANG_WARN_BLOCK_CAPTURE_AUTORELEASING = YES;
				CLANG_WARN_BOOL_CONVERSION = YES;
				CLANG_WARN_COMMA = YES;
				CLANG_WARN_CONSTANT_CONVERSION = YES;
				CLANG_WARN_DEPRECATED_OBJC_IMPLEMENTATIONS = YES;
				CLANG_WARN_DIRECT_OBJC_ISA_USAGE = YES_ERROR;
				CLANG_WARN_DOCUMENTATION_COMMENTS = YES;
				CLANG_WARN_EMPTY_BODY = YES;
				CLANG_WARN_ENUM_CONVERSION = YES;
				CLANG_WARN_INFINITE_RECURSION = YES;
				CLANG_WARN_INT_CONVERSION = YES;
				CLANG_WARN_NON_LITERAL_NULL_CONVERSION = YES;
				CLANG_WARN_OBJC_IMPLICIT_RETAIN_SELF = YES;
				CLANG_WARN_OBJC_LITERAL_CONVERSION = YES;
				CLANG_WARN_OBJC_ROOT_CLASS = YES_ERROR;
				CLANG_WARN_QUOTED_INCLUDE_IN_FRAMEWORK_HEADER = YES;
				CLANG_WARN_RANGE_LOOP_ANALYSIS = YES;
				CLANG_WARN_STRICT_PROTOTYPES = YES;
				CLANG_WARN_SUSPICIOUS_MOVE = YES;
				CLANG_WARN_UNGUARDED_AVAILABILITY = YES_AGGRESSIVE;
				CLANG_WARN_UNREACHABLE_CODE = YES;
				CLANG_WARN__DUPLICATE_METHOD_MATCH = YES;
				COPY_PHASE_STRIP = NO;
				DEBUG_INFORMATION_FORMAT = "dwarf-with-dsym";
				ENABLE_NS_ASSERTIONS = NO;
				ENABLE_STRICT_OBJC_MSGSEND = YES;
				GCC_C_LANGUAGE_STANDARD = gnu11;
				GCC_NO_COMMON_BLOCKS = YES;
				GCC_WARN_64_TO_32_BIT_CONVERSION = YES;
				GCC_WARN_ABOUT_RETURN_TYPE = YES_ERROR;
				GCC_WARN_UNDECLARED_SELECTOR = YES;
				GCC_WARN_UNINITIALIZED_AUTOS = YES_AGGRESSIVE;
				GCC_WARN_UNUSED_FUNCTION = YES;
				GCC_WARN_UNUSED_VARIABLE = YES;
				IPHONEOS_DEPLOYMENT_TARGET = 14.5;
				MTL_ENABLE_DEBUG_INFO = NO;
				MTL_FAST_MATH = YES;
				SDKROOT = iphoneos;
				SWIFT_COMPILATION_MODE = wholemodule;
				SWIFT_OPTIMIZATION_LEVEL = "-O";
				VALIDATE_PRODUCT = YES;
			};
			name = Release;
		};
		033FE6BE266CE2AB00BCF5AA /* Debug */ = {
			isa = XCBuildConfiguration;
			buildSettings = {
				ASSETCATALOG_COMPILER_APPICON_NAME = AppIcon;
				ASSETCATALOG_COMPILER_GLOBAL_ACCENT_COLOR_NAME = AccentColor;
				CODE_SIGN_STYLE = Automatic;
				DEVELOPMENT_TEAM = 685257RUQP;
				INFOPLIST_FILE = Walnut/Info.plist;
				LD_RUNPATH_SEARCH_PATHS = (
					"$(inherited)",
					"@executable_path/Frameworks",
				);
				PRODUCT_BUNDLE_IDENTIFIER = me.joshgrant.Walnut;
				PRODUCT_NAME = "$(TARGET_NAME)";
				SWIFT_VERSION = 5.0;
				TARGETED_DEVICE_FAMILY = "1,2";
			};
			name = Debug;
		};
		033FE6BF266CE2AB00BCF5AA /* Release */ = {
			isa = XCBuildConfiguration;
			buildSettings = {
				ASSETCATALOG_COMPILER_APPICON_NAME = AppIcon;
				ASSETCATALOG_COMPILER_GLOBAL_ACCENT_COLOR_NAME = AccentColor;
				CODE_SIGN_STYLE = Automatic;
				DEVELOPMENT_TEAM = 685257RUQP;
				INFOPLIST_FILE = Walnut/Info.plist;
				LD_RUNPATH_SEARCH_PATHS = (
					"$(inherited)",
					"@executable_path/Frameworks",
				);
				PRODUCT_BUNDLE_IDENTIFIER = me.joshgrant.Walnut;
				PRODUCT_NAME = "$(TARGET_NAME)";
				SWIFT_VERSION = 5.0;
				TARGETED_DEVICE_FAMILY = "1,2";
			};
			name = Release;
		};
		033FE6C1266CE2AB00BCF5AA /* Debug */ = {
			isa = XCBuildConfiguration;
			buildSettings = {
				ALWAYS_EMBED_SWIFT_STANDARD_LIBRARIES = YES;
				BUNDLE_LOADER = "$(TEST_HOST)";
				CODE_SIGN_STYLE = Automatic;
				DEVELOPMENT_TEAM = 685257RUQP;
				INFOPLIST_FILE = WalnutTests/Info.plist;
				IPHONEOS_DEPLOYMENT_TARGET = 14.5;
				LD_RUNPATH_SEARCH_PATHS = (
					"$(inherited)",
					"@executable_path/Frameworks",
					"@loader_path/Frameworks",
				);
				PRODUCT_BUNDLE_IDENTIFIER = me.joshgrant.WalnutTests;
				PRODUCT_NAME = "$(TARGET_NAME)";
				SWIFT_VERSION = 5.0;
				TARGETED_DEVICE_FAMILY = "1,2";
				TEST_HOST = "$(BUILT_PRODUCTS_DIR)/Walnut.app/Walnut";
			};
			name = Debug;
		};
		033FE6C2266CE2AB00BCF5AA /* Release */ = {
			isa = XCBuildConfiguration;
			buildSettings = {
				ALWAYS_EMBED_SWIFT_STANDARD_LIBRARIES = YES;
				BUNDLE_LOADER = "$(TEST_HOST)";
				CODE_SIGN_STYLE = Automatic;
				DEVELOPMENT_TEAM = 685257RUQP;
				INFOPLIST_FILE = WalnutTests/Info.plist;
				IPHONEOS_DEPLOYMENT_TARGET = 14.5;
				LD_RUNPATH_SEARCH_PATHS = (
					"$(inherited)",
					"@executable_path/Frameworks",
					"@loader_path/Frameworks",
				);
				PRODUCT_BUNDLE_IDENTIFIER = me.joshgrant.WalnutTests;
				PRODUCT_NAME = "$(TARGET_NAME)";
				SWIFT_VERSION = 5.0;
				TARGETED_DEVICE_FAMILY = "1,2";
				TEST_HOST = "$(BUILT_PRODUCTS_DIR)/Walnut.app/Walnut";
			};
			name = Release;
		};
		033FE6C4266CE2AB00BCF5AA /* Debug */ = {
			isa = XCBuildConfiguration;
			buildSettings = {
				ALWAYS_EMBED_SWIFT_STANDARD_LIBRARIES = YES;
				CODE_SIGN_STYLE = Automatic;
				DEVELOPMENT_TEAM = 685257RUQP;
				INFOPLIST_FILE = WalnutUITests/Info.plist;
				LD_RUNPATH_SEARCH_PATHS = (
					"$(inherited)",
					"@executable_path/Frameworks",
					"@loader_path/Frameworks",
				);
				PRODUCT_BUNDLE_IDENTIFIER = me.joshgrant.WalnutUITests;
				PRODUCT_NAME = "$(TARGET_NAME)";
				SWIFT_VERSION = 5.0;
				TARGETED_DEVICE_FAMILY = "1,2";
				TEST_TARGET_NAME = Walnut;
			};
			name = Debug;
		};
		033FE6C5266CE2AB00BCF5AA /* Release */ = {
			isa = XCBuildConfiguration;
			buildSettings = {
				ALWAYS_EMBED_SWIFT_STANDARD_LIBRARIES = YES;
				CODE_SIGN_STYLE = Automatic;
				DEVELOPMENT_TEAM = 685257RUQP;
				INFOPLIST_FILE = WalnutUITests/Info.plist;
				LD_RUNPATH_SEARCH_PATHS = (
					"$(inherited)",
					"@executable_path/Frameworks",
					"@loader_path/Frameworks",
				);
				PRODUCT_BUNDLE_IDENTIFIER = me.joshgrant.WalnutUITests;
				PRODUCT_NAME = "$(TARGET_NAME)";
				SWIFT_VERSION = 5.0;
				TARGETED_DEVICE_FAMILY = "1,2";
				TEST_TARGET_NAME = Walnut;
			};
			name = Release;
		};
/* End XCBuildConfiguration section */

/* Begin XCConfigurationList section */
		033FE68E266CE2AA00BCF5AA /* Build configuration list for PBXProject "Walnut" */ = {
			isa = XCConfigurationList;
			buildConfigurations = (
				033FE6BB266CE2AB00BCF5AA /* Debug */,
				033FE6BC266CE2AB00BCF5AA /* Release */,
			);
			defaultConfigurationIsVisible = 0;
			defaultConfigurationName = Release;
		};
		033FE6BD266CE2AB00BCF5AA /* Build configuration list for PBXNativeTarget "Walnut" */ = {
			isa = XCConfigurationList;
			buildConfigurations = (
				033FE6BE266CE2AB00BCF5AA /* Debug */,
				033FE6BF266CE2AB00BCF5AA /* Release */,
			);
			defaultConfigurationIsVisible = 0;
			defaultConfigurationName = Release;
		};
		033FE6C0266CE2AB00BCF5AA /* Build configuration list for PBXNativeTarget "WalnutTests" */ = {
			isa = XCConfigurationList;
			buildConfigurations = (
				033FE6C1266CE2AB00BCF5AA /* Debug */,
				033FE6C2266CE2AB00BCF5AA /* Release */,
			);
			defaultConfigurationIsVisible = 0;
			defaultConfigurationName = Release;
		};
		033FE6C3266CE2AB00BCF5AA /* Build configuration list for PBXNativeTarget "WalnutUITests" */ = {
			isa = XCConfigurationList;
			buildConfigurations = (
				033FE6C4266CE2AB00BCF5AA /* Debug */,
				033FE6C5266CE2AB00BCF5AA /* Release */,
			);
			defaultConfigurationIsVisible = 0;
			defaultConfigurationName = Release;
		};
/* End XCConfigurationList section */

/* Begin XCVersionGroup section */
		038CF65D26767D7900931595 /* Model.xcdatamodeld */ = {
			isa = XCVersionGroup;
			children = (
				038CF65E26767D7900931595 /* Model.xcdatamodel */,
			);
			currentVersion = 038CF65E26767D7900931595 /* Model.xcdatamodel */;
			path = Model.xcdatamodeld;
			sourceTree = "<group>";
			versionGroupType = wrapper.xcdatamodel;
		};
/* End XCVersionGroup section */
	};
	rootObject = 033FE68B266CE2AA00BCF5AA /* Project object */;
}
